// !$*UTF8*$!
{
	archiveVersion = 1;
	classes = {
	};
	objectVersion = 56;
	objects = {

/* Begin PBXBuildFile section */
		04666A470ECFB54E910D5BAC /* Assets.xcassets in Resources */ = {isa = PBXBuildFile; fileRef = 8E6FF640E1D4DB72FE354CAA /* Assets.xcassets */; };
		0BE2C5C15BDB95BDB4513ACC /* OptimizedGameView.swift in Sources */ = {isa = PBXBuildFile; fileRef = BE02A113F19E410CF301C13D /* OptimizedGameView.swift */; };
		0FD673CC8B4188A4D5B14A68 /* DifficultyManager.swift in Sources */ = {isa = PBXBuildFile; fileRef = 20080901053DC37D1D533489 /* DifficultyManager.swift */; };
		108CA6DF21DC6F0EDE421CE6 /* FloppyDuckApp.swift in Sources */ = {isa = PBXBuildFile; fileRef = 451E6FA22D65A28DB1459F95 /* FloppyDuckApp.swift */; };
		131183A5C3710A2967419ED0 /* PipeSkin.swift in Sources */ = {isa = PBXBuildFile; fileRef = 32A5446E0CA1C4FF2B11AC94 /* PipeSkin.swift */; };
		186FEA6281971BA1A9DA11E7 /* ThemeManager.swift in Sources */ = {isa = PBXBuildFile; fileRef = 5AF25026FF4DAD8B84CD3AF5 /* ThemeManager.swift */; };
		198EBFE8E30E445C4F77AAA3 /* GameModelTests.swift in Sources */ = {isa = PBXBuildFile; fileRef = CD5705907ABD8FDB16D7CA92 /* GameModelTests.swift */; };
		1BB9C896FDADFF52588A8475 /* GameScene.swift in Sources */ = {isa = PBXBuildFile; fileRef = 6F57D6444D8C2281BB9B5DEA /* GameScene.swift */; };
		20823673A32711E924366C3E /* PowerUpTests.swift in Sources */ = {isa = PBXBuildFile; fileRef = E8AC2575D86DB5D5D7AA15BC /* PowerUpTests.swift */; };
		2207B7BAF82148B0BE7D5DE8 /* ThemePreviewView.swift in Sources */ = {isa = PBXBuildFile; fileRef = 4340EF076E87455287C0DFA4 /* ThemePreviewView.swift */; };
		2514E0B97AF4CE474E62C8E4 /* BannerManager.swift in Sources */ = {isa = PBXBuildFile; fileRef = 1E8274143C4B7D0D42878511 /* BannerManager.swift */; };
		2C6BFFF71B1F4F47AAA17A63 /* PatchNotesOverlay.swift in Sources */ = {isa = PBXBuildFile; fileRef = 40EF3CF403664FE7A584B1C6 /* PatchNotesOverlay.swift */; };
		2EEEE91902883C94188AF143 /* Achievement.swift in Sources */ = {isa = PBXBuildFile; fileRef = 93CCF6581206AE4460510C5F /* Achievement.swift */; };
		426F8821C9831D68A5B27147 /* AchievementsView.swift in Sources */ = {isa = PBXBuildFile; fileRef = 5631A2E41C3ECFE3139D9B36 /* AchievementsView.swift */; };
		488CD340D85ACEFFDE3580E9 /* GamePerformanceTests.swift in Sources */ = {isa = PBXBuildFile; fileRef = 44A39FF82D49B79DC5EE276C /* GamePerformanceTests.swift */; };
		49818A54D2311A8C429F104E /* HapticManager.swift in Sources */ = {isa = PBXBuildFile; fileRef = FBCE68166C3B433188B01FDE /* HapticManager.swift */; };
		52928A5D99AFDD8C805F878A /* BattleBanner.swift in Sources */ = {isa = PBXBuildFile; fileRef = 04256D4EFAB614B2184DDDCE /* BattleBanner.swift */; };
		535FCF26C1A992F9F8C90357 /* MatchmakingView.swift in Sources */ = {isa = PBXBuildFile; fileRef = 6757C7C15DA4FAF02AA1E5CA /* MatchmakingView.swift */; };
		5A036B38A42A68B2A8E40347 /* MedalTests.swift in Sources */ = {isa = PBXBuildFile; fileRef = FE0494021C7FBFABF4BD6618 /* MedalTests.swift */; };
		722DC57A583E4629413B2ABF /* BotLadderView.swift in Sources */ = {isa = PBXBuildFile; fileRef = FEE665FBBA56B6B05993EC6B /* BotLadderView.swift */; };
		74C7BB1EBED11D4C50F70D9C /* BotController.swift in Sources */ = {isa = PBXBuildFile; fileRef = 01256F5F2501C40E0B8C7A2F /* BotController.swift */; };
		7F9B6B1E213D138387FC9463 /* PowerUpController.swift in Sources */ = {isa = PBXBuildFile; fileRef = 81BFA94D06C0765AAE762441 /* PowerUpController.swift */; };
		802DB17F036507568468C6F4 /* BackgroundTheme.swift in Sources */ = {isa = PBXBuildFile; fileRef = 7A771ACFDBD10F0C11BA9444 /* BackgroundTheme.swift */; };
		83E9AC3E2D6FD63ABDC83B4D /* GameContainerView.swift in Sources */ = {isa = PBXBuildFile; fileRef = 6536C0571E3D58450DECC837 /* GameContainerView.swift */; };
		89B61228B4E653AA90467704 /* PRNG.swift in Sources */ = {isa = PBXBuildFile; fileRef = F0703F9981111218E6869673 /* PRNG.swift */; };
		8F49275B739499A85A822420 /* RapidFlapHotPathTests.swift in Sources */ = {isa = PBXBuildFile; fileRef = 445359B5F10EBA12243F985D /* RapidFlapHotPathTests.swift */; };
		915FA225B9808E616EE0A791 /* GameManager.swift in Sources */ = {isa = PBXBuildFile; fileRef = DF5559B8D2060C87F39CB2A8 /* GameManager.swift */; };
		9427E70309498CDBF08B3846 /* SettingsView.swift in Sources */ = {isa = PBXBuildFile; fileRef = CD59E0EB71DC1D5B631D2753 /* SettingsView.swift */; };
		99308076B485D18DE7FA4DA6 /* PixelIconFactory.swift in Sources */ = {isa = PBXBuildFile; fileRef = DFA2E95068DB1B30BB047902 /* PixelIconFactory.swift */; };
		9DCB40E4FB5926665483291C /* GameUIPerformanceTests.swift in Sources */ = {isa = PBXBuildFile; fileRef = 288CEF83A709F6415BE70A30 /* GameUIPerformanceTests.swift */; };
		A10000000000000000000001 /* MultiplayerSessionTests.swift in Sources */ = {isa = PBXBuildFile; fileRef = A20000000000000000000002 /* MultiplayerSessionTests.swift */; };
		A10000000000000000000002 /* PlayerStatsTests.swift in Sources */ = {isa = PBXBuildFile; fileRef = A20000000000000000000003 /* PlayerStatsTests.swift */; };
		A10000000000000000000099 /* MultiplayerFlowTests.swift in Sources */ = {isa = PBXBuildFile; fileRef = A20000000000000000000099 /* MultiplayerFlowTests.swift */; };
		A10000000000000000000101 /* GameSceneTests.swift in Sources */ = {isa = PBXBuildFile; fileRef = A20000000000000000000101 /* GameSceneTests.swift */; };
		A7F686449252A5C6E85F4C65 /* BotCharacter.swift in Sources */ = {isa = PBXBuildFile; fileRef = 709E16E4587997D58A88C22F /* BotCharacter.swift */; };
		A96B820B3183299E2C74FC11 /* GameModels.swift in Sources */ = {isa = PBXBuildFile; fileRef = 3D35655334C23B66037D828D /* GameModels.swift */; };
		AAF2774F842E3A0EE7661F7E /* PipeSkinManager.swift in Sources */ = {isa = PBXBuildFile; fileRef = 9470B99E437E109110C09E26 /* PipeSkinManager.swift */; };
		348610661553389717387397 /* IAPCoordinator.swift in Sources */ = {isa = PBXBuildFile; fileRef = 500303494824515335359523 /* IAPCoordinator.swift */; };
		B1C2D3E4F5061728394A5B6C /* SoundManager.swift in Sources */ = {isa = PBXBuildFile; fileRef = A1B2C3D4E5F6071829304050 /* SoundManager.swift */; };
		B27BE089E51B1C20456A5356 /* BotCharacterTests.swift in Sources */ = {isa = PBXBuildFile; fileRef = 01FBB5328EEB7721AC2BC6C4 /* BotCharacterTests.swift */; };
		B2F0D5A2C3E44B5D8F9A0B1C /* LaunchScreen.storyboard in Resources */ = {isa = PBXBuildFile; fileRef = A1F0D5A2C3E44B5D8F9A0B1C /* LaunchScreen.storyboard */; };
		BA0E3CE3C181DBA8B407C25C /* ShopView.swift in Sources */ = {isa = PBXBuildFile; fileRef = DC899E2E5A7F7DAC55ECAADB /* ShopView.swift */; };
		BCA3E3D34D5746AD643876F3 /* AchievementTests.swift in Sources */ = {isa = PBXBuildFile; fileRef = E67C34482BABF41365A82C48 /* AchievementTests.swift */; };
		BCA7AC277DEBF717137BC891 /* PowerUp.swift in Sources */ = {isa = PBXBuildFile; fileRef = CC374B1DDA9D1BFA85E85220 /* PowerUp.swift */; };
		BE83180DB6EA0770D2D8235C /* DuckSkin.swift in Sources */ = {isa = PBXBuildFile; fileRef = 521CBBCA0DCE6D94AD59AC15 /* DuckSkin.swift */; };
		C10000000000000000000001 /* AuthManager.swift in Sources */ = {isa = PBXBuildFile; fileRef = C20000000000000000000001 /* AuthManager.swift */; };
		C10000000000000000000002 /* IdentityStore.swift in Sources */ = {isa = PBXBuildFile; fileRef = C20000000000000000000002 /* IdentityStore.swift */; };
		C10000000000000000000003 /* AppleSignInCoordinator.swift in Sources */ = {isa = PBXBuildFile; fileRef = C20000000000000000000003 /* AppleSignInCoordinator.swift */; };
		C10000000000000000000004 /* AuthOnboardingView.swift in Sources */ = {isa = PBXBuildFile; fileRef = C20000000000000000000004 /* AuthOnboardingView.swift */; };
		C37CFCC84552426EBB049D87 /* SinglePlayerModesView.swift in Sources */ = {isa = PBXBuildFile; fileRef = 5B0ADBBCFC5947F1B54DF780 /* SinglePlayerModesView.swift */; };
		C9B05AB5C283EC66F1F57155 /* PixelIconView.swift in Sources */ = {isa = PBXBuildFile; fileRef = C7301FBF6C0753A3DD59C8D3 /* PixelIconView.swift */; };
		CAFA74F0B0D4535CFB00FF8C /* TextureFactory.swift in Sources */ = {isa = PBXBuildFile; fileRef = EF6223E9869786181FDBDB97 /* TextureFactory.swift */; };
		CE0FE362AF86AF0634F66E10 /* SkinManager.swift in Sources */ = {isa = PBXBuildFile; fileRef = 4E04DFC7B500170F528318BC /* SkinManager.swift */; };
		D27603A65E3A06C3CB359FED /* ConvexClient.swift in Sources */ = {isa = PBXBuildFile; fileRef = 8A120B6A75AD6A50169B1E8A /* ConvexClient.swift */; };
		D30000000000000000000001 /* SplashView.swift in Sources */ = {isa = PBXBuildFile; fileRef = D10000000000000000000001 /* SplashView.swift */; };
		D30000000000000000000002 /* ShareCardView.swift in Sources */ = {isa = PBXBuildFile; fileRef = D10000000000000000000002 /* ShareCardView.swift */; };
		D30000000000000000000003 /* CollectionView.swift in Sources */ = {isa = PBXBuildFile; fileRef = D10000000000000000000003 /* CollectionView.swift */; };
		D30000000000000000000004 /* LeaderboardView.swift in Sources */ = {isa = PBXBuildFile; fileRef = D10000000000000000000004 /* LeaderboardView.swift */; };
		D30000000000000000000005 /* PixelTextField.swift in Sources */ = {isa = PBXBuildFile; fileRef = D10000000000000000000005 /* PixelTextField.swift */; };
		D390BFFFED7C4E3C36AFADCE /* StatsView.swift in Sources */ = {isa = PBXBuildFile; fileRef = A47652A08D5F52D04D2A070A /* StatsView.swift */; };
		FRIENDSVIEWBUILD00000000001 /* FriendsView.swift in Sources */ = {isa = PBXBuildFile; fileRef = FRIENDSVIEW0000000000000001 /* FriendsView.swift */; };
		PUBLICPROFILEBUILD000000001 /* PublicProfileView.swift in Sources */ = {isa = PBXBuildFile; fileRef = PUBLICPROFILE00000000000001 /* PublicProfileView.swift */; };
		DA952EA9A8F9F4B558AE3005 /* DifficultyManagerTests.swift in Sources */ = {isa = PBXBuildFile; fileRef = AEC0FA57DB4A1F4290C01227 /* DifficultyManagerTests.swift */; };
		DE5495A93496B50D9CEDB240 /* HomeView.swift in Sources */ = {isa = PBXBuildFile; fileRef = DD41533DFDF5C0880D1DA2B0 /* HomeView.swift */; };
		DEDE0001DEDE0001DEDE0001 /* ThemeRecipe.swift in Sources */ = {isa = PBXBuildFile; fileRef = DEDE0002DEDE0002DEDE0002 /* ThemeRecipe.swift */; };
		DEDE0003DEDE0003DEDE0003 /* ThemeRecipeCatalog.swift in Sources */ = {isa = PBXBuildFile; fileRef = DEDE0004DEDE0004DEDE0004 /* ThemeRecipeCatalog.swift */; };
		DEECE41FEA0C4454A6DE9182 /* PixelButtonBackground.swift in Sources */ = {isa = PBXBuildFile; fileRef = E86C1628F41C47F49421AE66 /* PixelButtonBackground.swift */; };
		E10000000000000000000001 /* ScreenshotTests.swift in Sources */ = {isa = PBXBuildFile; fileRef = E20000000000000000000001 /* ScreenshotTests.swift */; };
		E4862C9430504EFD8842A776 /* GameConstants.swift in Sources */ = {isa = PBXBuildFile; fileRef = 0F70986D2FC6C1758722D0D5 /* GameConstants.swift */; };
		EB39ADF36C8B378B568E6FFD /* ContentView.swift in Sources */ = {isa = PBXBuildFile; fileRef = 2E1FEDB6FF10BA6FFD17B81A /* ContentView.swift */; };
		EBC51E41AE8456EB802ACFE8 /* VersusIntroView.swift in Sources */ = {isa = PBXBuildFile; fileRef = 4140A43FD1A514A199DC2BD5 /* VersusIntroView.swift */; };
		F20000000000000000000001 /* action_ending.m4a in Resources */ = {isa = PBXBuildFile; fileRef = F10000000000000000000001 /* action_ending.m4a */; };
		F20000000000000000000002 /* action_level_1.m4a in Resources */ = {isa = PBXBuildFile; fileRef = F10000000000000000000002 /* action_level_1.m4a */; };
		F20000000000000000000003 /* action_level_2.m4a in Resources */ = {isa = PBXBuildFile; fileRef = F10000000000000000000003 /* action_level_2.m4a */; };
		F20000000000000000000004 /* action_level_3.m4a in Resources */ = {isa = PBXBuildFile; fileRef = F10000000000000000000004 /* action_level_3.m4a */; };
		F20000000000000000000005 /* action_title_screen.m4a in Resources */ = {isa = PBXBuildFile; fileRef = F10000000000000000000005 /* action_title_screen.m4a */; };
		F20000000000000000000006 /* adventure_boss_fight.m4a in Resources */ = {isa = PBXBuildFile; fileRef = F10000000000000000000006 /* adventure_boss_fight.m4a */; };
		F20000000000000000000007 /* adventure_stage_1.m4a in Resources */ = {isa = PBXBuildFile; fileRef = F10000000000000000000007 /* adventure_stage_1.m4a */; };
		F20000000000000000000008 /* adventure_stage_2.m4a in Resources */ = {isa = PBXBuildFile; fileRef = F10000000000000000000008 /* adventure_stage_2.m4a */; };
		F20000000000000000000009 /* adventure_stage_select.m4a in Resources */ = {isa = PBXBuildFile; fileRef = F10000000000000000000009 /* adventure_stage_select.m4a */; };
		F2000000000000000000000A /* CREDITS.txt in Resources */ = {isa = PBXBuildFile; fileRef = F1000000000000000000000A /* CREDITS.txt */; };
		F2000000000000000000000B /* quack.wav in Resources */ = {isa = PBXBuildFile; fileRef = F1000000000000000000000B /* quack.wav */; };
		F2000000000000000000000C /* theme_cave.m4a in Resources */ = {isa = PBXBuildFile; fileRef = F1000000000000000000000C /* theme_cave.m4a */; };
		F2000000000000000000000D /* theme_egypt.m4a in Resources */ = {isa = PBXBuildFile; fileRef = F1000000000000000000000D /* theme_egypt.m4a */; };
		F2000000000000000000000E /* theme_jungle.m4a in Resources */ = {isa = PBXBuildFile; fileRef = F1000000000000000000000E /* theme_jungle.m4a */; };
		F2000000000000000000000F /* theme_mountain.m4a in Resources */ = {isa = PBXBuildFile; fileRef = F1000000000000000000000F /* theme_mountain.m4a */; };
		F20000000000000000000010 /* theme_western.m4a in Resources */ = {isa = PBXBuildFile; fileRef = F10000000000000000000010 /* theme_western.m4a */; };
		F20000000000000000000011 /* quack_1.m4a in Resources */ = {isa = PBXBuildFile; fileRef = F10000000000000000000011 /* quack_1.m4a */; };
		F20000000000000000000012 /* quack_2.m4a in Resources */ = {isa = PBXBuildFile; fileRef = F10000000000000000000012 /* quack_2.m4a */; };
		F20000000000000000000013 /* quack_3.m4a in Resources */ = {isa = PBXBuildFile; fileRef = F10000000000000000000013 /* quack_3.m4a */; };
		F20000000000000000000014 /* quack_4.m4a in Resources */ = {isa = PBXBuildFile; fileRef = F10000000000000000000014 /* quack_4.m4a */; };
		F20000000000000000000015 /* quack_5.m4a in Resources */ = {isa = PBXBuildFile; fileRef = F10000000000000000000015 /* quack_5.m4a */; };
		F20000000000000000000020 /* theme_neonCity.m4a in Resources */ = {isa = PBXBuildFile; fileRef = F10000000000000000000020 /* theme_neonCity.m4a */; };
		F20000000000000000000021 /* theme_underwater.m4a in Resources */ = {isa = PBXBuildFile; fileRef = F10000000000000000000021 /* theme_underwater.m4a */; };
		F20000000000000000000022 /* theme_volcano.m4a in Resources */ = {isa = PBXBuildFile; fileRef = F10000000000000000000022 /* theme_volcano.m4a */; };
		F20000000000000000000023 /* theme_arctic.m4a in Resources */ = {isa = PBXBuildFile; fileRef = F10000000000000000000023 /* theme_arctic.m4a */; };
		F20000000000000000000024 /* theme_space.m4a in Resources */ = {isa = PBXBuildFile; fileRef = F10000000000000000000024 /* theme_space.m4a */; };
		F20000000000000000000025 /* theme_pixelTokyo.m4a in Resources */ = {isa = PBXBuildFile; fileRef = F10000000000000000000025 /* theme_pixelTokyo.m4a */; };
		F20000000000000000000030 /* AudioNormalizationTests.swift in Sources */ = {isa = PBXBuildFile; fileRef = F10000000000000000000030 /* AudioNormalizationTests.swift */; };
		F20000000000000000000040 /* quack_cowboy.m4a in Resources */ = {isa = PBXBuildFile; fileRef = F10000000000000000000040 /* quack_cowboy.m4a */; };
		F20000000000000000000041 /* quack_alien.m4a in Resources */ = {isa = PBXBuildFile; fileRef = F10000000000000000000041 /* quack_alien.m4a */; };
		F20000000000000000000042 /* quack_dinosaur.m4a in Resources */ = {isa = PBXBuildFile; fileRef = F10000000000000000000042 /* quack_dinosaur.m4a */; };
		F20000000000000000000043 /* quack_wizard.m4a in Resources */ = {isa = PBXBuildFile; fileRef = F10000000000000000000043 /* quack_wizard.m4a */; };
		F20000000000000000000044 /* quack_devil.m4a in Resources */ = {isa = PBXBuildFile; fileRef = F10000000000000000000044 /* quack_devil.m4a */; };
		F20000000000000000000045 /* quack_sailor.m4a in Resources */ = {isa = PBXBuildFile; fileRef = F10000000000000000000045 /* quack_sailor.m4a */; };
		F20000000000000000000046 /* quack_pirate.m4a in Resources */ = {isa = PBXBuildFile; fileRef = F10000000000000000000046 /* quack_pirate.m4a */; };
		F20000000000000000000047 /* quack_golden.m4a in Resources */ = {isa = PBXBuildFile; fileRef = F10000000000000000000047 /* quack_golden.m4a */; };
		F20000000000000000000048 /* quack_ninja.m4a in Resources */ = {isa = PBXBuildFile; fileRef = F10000000000000000000048 /* quack_ninja.m4a */; };
		F20000000000000000000049 /* quack_astronaut.m4a in Resources */ = {isa = PBXBuildFile; fileRef = F10000000000000000000049 /* quack_astronaut.m4a */; };
		F2000000000000000000004A /* quack_pharaoh.m4a in Resources */ = {isa = PBXBuildFile; fileRef = F1000000000000000000004A /* quack_pharaoh.m4a */; };
		F2000000000000000000004B /* quack_robot.m4a in Resources */ = {isa = PBXBuildFile; fileRef = F1000000000000000000004B /* quack_robot.m4a */; };
		F2000000000000000000004C /* quack_king.m4a in Resources */ = {isa = PBXBuildFile; fileRef = F1000000000000000000004C /* quack_king.m4a */; };
		F20000000000000000000050 /* quack_lumberquack.m4a in Resources */ = {isa = PBXBuildFile; fileRef = F10000000000000000000050 /* quack_lumberquack.m4a */; };
		F20000000000000000000051 /* quack_spider.m4a in Resources */ = {isa = PBXBuildFile; fileRef = F10000000000000000000051 /* quack_spider.m4a */; };
		F20000000000000000000052 /* quack_squirrel.m4a in Resources */ = {isa = PBXBuildFile; fileRef = F10000000000000000000052 /* quack_squirrel.m4a */; };
		F20000000000000000000053 /* quack_bearskin.m4a in Resources */ = {isa = PBXBuildFile; fileRef = F10000000000000000000053 /* quack_bearskin.m4a */; };
		F20000000000000000000060 /* cruchh.m4a in Resources */ = {isa = PBXBuildFile; fileRef = F10000000000000000000060 /* cruchh.m4a */; };
		F20000000000000000000061 /* multiplayer_countdown.wav in Resources */ = {isa = PBXBuildFile; fileRef = F10000000000000000000061 /* multiplayer_countdown.wav */; };
		F200000000000000000004D /* theme_lagoon.m4a in Resources */ = {isa = PBXBuildFile; fileRef = F100000000000000000004D /* theme_lagoon.m4a */; };
		F200000000000000000004E /* theme_losAngeles.m4a in Resources */ = {isa = PBXBuildFile; fileRef = F100000000000000000004E /* theme_losAngeles.m4a */; };
		F200000000000000000004F /* theme_london.m4a in Resources */ = {isa = PBXBuildFile; fileRef = F100000000000000000004F /* theme_london.m4a */; };
		F20000000000000000000054 /* theme_castle.m4a in Resources */ = {isa = PBXBuildFile; fileRef = F10000000000000000000054 /* theme_castle.m4a */; };
		F20000000000000000000055 /* theme_clouds.m4a in Resources */ = {isa = PBXBuildFile; fileRef = F10000000000000000000055 /* theme_clouds.m4a */; };
		F2000000000000000000052 /* quack_unicorn.m4a in Resources */ = {isa = PBXBuildFile; fileRef = F1000000000000000000052 /* quack_unicorn.m4a */; };
		F2000000000000000000051 /* quack_princess.m4a in Resources */ = {isa = PBXBuildFile; fileRef = F1000000000000000000051 /* quack_princess.m4a */; };
		F2000000000000000000050 /* quack_mermaid.m4a in Resources */ = {isa = PBXBuildFile; fileRef = F1000000000000000000050 /* quack_mermaid.m4a */; };
		F1000000000000000000052 /* quack_unicorn.m4a */ = {isa = PBXFileReference; lastKnownFileType = audio.mpeg4; path = quack_unicorn.m4a; sourceTree = "<group>"; };
		F1000000000000000000051 /* quack_princess.m4a */ = {isa = PBXFileReference; lastKnownFileType = audio.mpeg4; path = quack_princess.m4a; sourceTree = "<group>"; };
		F1000000000000000000050 /* quack_mermaid.m4a */ = {isa = PBXFileReference; lastKnownFileType = audio.mpeg4; path = quack_mermaid.m4a; sourceTree = "<group>"; };
		F6C14CBD558848CCE98A0F40 /* PressStart2P-Regular.ttf in Resources */ = {isa = PBXBuildFile; fileRef = BD270101F4832BD91EEB76A8 /* PressStart2P-Regular.ttf */; };
		FF1E7DCB9494C2D8DE5E22BC /* ParallaxManager.swift in Sources */ = {isa = PBXBuildFile; fileRef = ECEAFED59AA05D81B7FE0EEF /* ParallaxManager.swift */; };
		PH0000000000000000000003 /* PostHog in Frameworks */ = {isa = PBXBuildFile; productRef = PH0000000000000000000002 /* PostHog */; };
		PH0000000000000000000004 /* AnalyticsManager.swift in Sources */ = {isa = PBXBuildFile; fileRef = PH0000000000000000000005 /* AnalyticsManager.swift */; };
		SE0000000000000000000003 /* Sentry in Frameworks */ = {isa = PBXBuildFile; productRef = SE0000000000000000000002 /* Sentry */; };
/* End PBXBuildFile section */

/* Begin PBXContainerItemProxy section */
		A50000000000000000000001 /* PBXContainerItemProxy */ = {
			isa = PBXContainerItemProxy;
			containerPortal = E74DADFE3AC5262D28E19680 /* Project object */;
			proxyType = 1;
			remoteGlobalIDString = CC26CC21560A6F6D89098BBE;
			remoteInfo = FloppyDuck;
		};
		E50000000000000000000001 /* PBXContainerItemProxy */ = {
			isa = PBXContainerItemProxy;
			containerPortal = E74DADFE3AC5262D28E19680 /* Project object */;
			proxyType = 1;
			remoteGlobalIDString = CC26CC21560A6F6D89098BBE;
			remoteInfo = FloppyDuck;
		};
/* End PBXContainerItemProxy section */

/* Begin PBXFileReference section */
		0096DDB5D5C93DB7732319BF /* Info.plist */ = {isa = PBXFileReference; lastKnownFileType = text.plist.xml; path = Info.plist; sourceTree = "<group>"; };
		01256F5F2501C40E0B8C7A2F /* BotController.swift */ = {isa = PBXFileReference; lastKnownFileType = sourcecode.swift; path = BotController.swift; sourceTree = "<group>"; };
		01FBB5328EEB7721AC2BC6C4 /* BotCharacterTests.swift */ = {isa = PBXFileReference; lastKnownFileType = sourcecode.swift; path = BotCharacterTests.swift; sourceTree = "<group>"; };
		04256D4EFAB614B2184DDDCE /* BattleBanner.swift */ = {isa = PBXFileReference; includeInIndex = 1; lastKnownFileType = sourcecode.swift; path = BattleBanner.swift; sourceTree = "<group>"; };
		0F70986D2FC6C1758722D0D5 /* GameConstants.swift */ = {isa = PBXFileReference; lastKnownFileType = sourcecode.swift; path = GameConstants.swift; sourceTree = "<group>"; };
		1E8274143C4B7D0D42878511 /* BannerManager.swift */ = {isa = PBXFileReference; includeInIndex = 1; lastKnownFileType = sourcecode.swift; path = BannerManager.swift; sourceTree = "<group>"; };
		20080901053DC37D1D533489 /* DifficultyManager.swift */ = {isa = PBXFileReference; lastKnownFileType = sourcecode.swift; path = DifficultyManager.swift; sourceTree = "<group>"; };
		288CEF83A709F6415BE70A30 /* GameUIPerformanceTests.swift */ = {isa = PBXFileReference; includeInIndex = 1; lastKnownFileType = sourcecode.swift; path = GameUIPerformanceTests.swift; sourceTree = "<group>"; };
		2E1FEDB6FF10BA6FFD17B81A /* ContentView.swift */ = {isa = PBXFileReference; lastKnownFileType = sourcecode.swift; path = ContentView.swift; sourceTree = "<group>"; };
		32A5446E0CA1C4FF2B11AC94 /* PipeSkin.swift */ = {isa = PBXFileReference; includeInIndex = 1; lastKnownFileType = sourcecode.swift; path = PipeSkin.swift; sourceTree = "<group>"; };
		3D35655334C23B66037D828D /* GameModels.swift */ = {isa = PBXFileReference; lastKnownFileType = sourcecode.swift; path = GameModels.swift; sourceTree = "<group>"; };
		40EF3CF403664FE7A584B1C6 /* PatchNotesOverlay.swift */ = {isa = PBXFileReference; fileEncoding = 4; lastKnownFileType = sourcecode.swift; path = PatchNotesOverlay.swift; sourceTree = "<group>"; };
		4140A43FD1A514A199DC2BD5 /* VersusIntroView.swift */ = {isa = PBXFileReference; includeInIndex = 1; lastKnownFileType = sourcecode.swift; path = VersusIntroView.swift; sourceTree = "<group>"; };
		4340EF076E87455287C0DFA4 /* ThemePreviewView.swift */ = {isa = PBXFileReference; lastKnownFileType = sourcecode.swift; path = ThemePreviewView.swift; sourceTree = "<group>"; };
		445359B5F10EBA12243F985D /* RapidFlapHotPathTests.swift */ = {isa = PBXFileReference; includeInIndex = 1; lastKnownFileType = sourcecode.swift; path = RapidFlapHotPathTests.swift; sourceTree = "<group>"; };
		44A39FF82D49B79DC5EE276C /* GamePerformanceTests.swift */ = {isa = PBXFileReference; includeInIndex = 1; lastKnownFileType = sourcecode.swift; path = GamePerformanceTests.swift; sourceTree = "<group>"; };
		451E6FA22D65A28DB1459F95 /* FloppyDuckApp.swift */ = {isa = PBXFileReference; lastKnownFileType = sourcecode.swift; path = FloppyDuckApp.swift; sourceTree = "<group>"; };
		45E49708FF03202FD286092D /* FloppyDuck.app */ = {isa = PBXFileReference; explicitFileType = wrapper.application; includeInIndex = 0; path = FloppyDuck.app; sourceTree = BUILT_PRODUCTS_DIR; };
		4E04DFC7B500170F528318BC /* SkinManager.swift */ = {isa = PBXFileReference; lastKnownFileType = sourcecode.swift; path = SkinManager.swift; sourceTree = "<group>"; };
		521CBBCA0DCE6D94AD59AC15 /* DuckSkin.swift */ = {isa = PBXFileReference; lastKnownFileType = sourcecode.swift; path = DuckSkin.swift; sourceTree = "<group>"; };
		5631A2E41C3ECFE3139D9B36 /* AchievementsView.swift */ = {isa = PBXFileReference; lastKnownFileType = sourcecode.swift; path = AchievementsView.swift; sourceTree = "<group>"; };
		5AF25026FF4DAD8B84CD3AF5 /* ThemeManager.swift */ = {isa = PBXFileReference; lastKnownFileType = sourcecode.swift; path = ThemeManager.swift; sourceTree = "<group>"; };
		5B0ADBBCFC5947F1B54DF780 /* SinglePlayerModesView.swift */ = {isa = PBXFileReference; lastKnownFileType = sourcecode.swift; path = SinglePlayerModesView.swift; sourceTree = "<group>"; };
		6536C0571E3D58450DECC837 /* GameContainerView.swift */ = {isa = PBXFileReference; lastKnownFileType = sourcecode.swift; path = GameContainerView.swift; sourceTree = "<group>"; };
		6757C7C15DA4FAF02AA1E5CA /* MatchmakingView.swift */ = {isa = PBXFileReference; lastKnownFileType = sourcecode.swift; path = MatchmakingView.swift; sourceTree = "<group>"; };
		6F57D6444D8C2281BB9B5DEA /* GameScene.swift */ = {isa = PBXFileReference; lastKnownFileType = sourcecode.swift; path = GameScene.swift; sourceTree = "<group>"; };
		709E16E4587997D58A88C22F /* BotCharacter.swift */ = {isa = PBXFileReference; lastKnownFileType = sourcecode.swift; path = BotCharacter.swift; sourceTree = "<group>"; };
		7A771ACFDBD10F0C11BA9444 /* BackgroundTheme.swift */ = {isa = PBXFileReference; lastKnownFileType = sourcecode.swift; path = BackgroundTheme.swift; sourceTree = "<group>"; };
		81BFA94D06C0765AAE762441 /* PowerUpController.swift */ = {isa = PBXFileReference; lastKnownFileType = sourcecode.swift; path = PowerUpController.swift; sourceTree = "<group>"; };
		8A120B6A75AD6A50169B1E8A /* ConvexClient.swift */ = {isa = PBXFileReference; lastKnownFileType = sourcecode.swift; path = ConvexClient.swift; sourceTree = "<group>"; };
		8E6FF640E1D4DB72FE354CAA /* Assets.xcassets */ = {isa = PBXFileReference; lastKnownFileType = folder.assetcatalog; path = Assets.xcassets; sourceTree = "<group>"; };
		93CCF6581206AE4460510C5F /* Achievement.swift */ = {isa = PBXFileReference; lastKnownFileType = sourcecode.swift; path = Achievement.swift; sourceTree = "<group>"; };
		9470B99E437E109110C09E26 /* PipeSkinManager.swift */ = {isa = PBXFileReference; includeInIndex = 1; lastKnownFileType = sourcecode.swift; path = PipeSkinManager.swift; sourceTree = "<group>"; };
		500303494824515335359523 /* IAPCoordinator.swift */ = {isa = PBXFileReference; lastKnownFileType = sourcecode.swift; path = IAPCoordinator.swift; sourceTree = "<group>"; };
		A1B2C3D4E5F6071829304050 /* SoundManager.swift */ = {isa = PBXFileReference; lastKnownFileType = sourcecode.swift; path = SoundManager.swift; sourceTree = "<group>"; };
		A1F0D5A2C3E44B5D8F9A0B1C /* LaunchScreen.storyboard */ = {isa = PBXFileReference; lastKnownFileType = file.storyboard; path = LaunchScreen.storyboard; sourceTree = "<group>"; };
		A20000000000000000000001 /* FloppyDuckTests.xctest */ = {isa = PBXFileReference; explicitFileType = wrapper.cfbundle; includeInIndex = 0; path = FloppyDuckTests.xctest; sourceTree = BUILT_PRODUCTS_DIR; };
		A20000000000000000000002 /* MultiplayerSessionTests.swift */ = {isa = PBXFileReference; lastKnownFileType = sourcecode.swift; path = MultiplayerSessionTests.swift; sourceTree = "<group>"; };
		A20000000000000000000003 /* PlayerStatsTests.swift */ = {isa = PBXFileReference; lastKnownFileType = sourcecode.swift; path = PlayerStatsTests.swift; sourceTree = "<group>"; };
		A20000000000000000000099 /* MultiplayerFlowTests.swift */ = {isa = PBXFileReference; lastKnownFileType = sourcecode.swift; path = MultiplayerFlowTests.swift; sourceTree = "<group>"; };
		A20000000000000000000101 /* GameSceneTests.swift */ = {isa = PBXFileReference; lastKnownFileType = sourcecode.swift; path = GameSceneTests.swift; sourceTree = "<group>"; };
		A47652A08D5F52D04D2A070A /* StatsView.swift */ = {isa = PBXFileReference; lastKnownFileType = sourcecode.swift; path = StatsView.swift; sourceTree = "<group>"; };
		FRIENDSVIEW0000000000000001 /* FriendsView.swift */ = {isa = PBXFileReference; lastKnownFileType = sourcecode.swift; path = FriendsView.swift; sourceTree = "<group>"; };
		PUBLICPROFILE00000000000001 /* PublicProfileView.swift */ = {isa = PBXFileReference; lastKnownFileType = sourcecode.swift; path = PublicProfileView.swift; sourceTree = "<group>"; };
		AEC0FA57DB4A1F4290C01227 /* DifficultyManagerTests.swift */ = {isa = PBXFileReference; lastKnownFileType = sourcecode.swift; path = DifficultyManagerTests.swift; sourceTree = "<group>"; };
		B0A1B2C3D4E5F60718293040 /* FloppyDuck.entitlements */ = {isa = PBXFileReference; lastKnownFileType = text.plist.entitlements; path = FloppyDuck.entitlements; sourceTree = "<group>"; };
		BD270101F4832BD91EEB76A8 /* PressStart2P-Regular.ttf */ = {isa = PBXFileReference; lastKnownFileType = file; path = "PressStart2P-Regular.ttf"; sourceTree = "<group>"; };
		BE02A113F19E410CF301C13D /* OptimizedGameView.swift */ = {isa = PBXFileReference; includeInIndex = 1; lastKnownFileType = sourcecode.swift; path = OptimizedGameView.swift; sourceTree = "<group>"; };
		C20000000000000000000001 /* AuthManager.swift */ = {isa = PBXFileReference; lastKnownFileType = sourcecode.swift; path = AuthManager.swift; sourceTree = "<group>"; };
		C20000000000000000000002 /* IdentityStore.swift */ = {isa = PBXFileReference; lastKnownFileType = sourcecode.swift; path = IdentityStore.swift; sourceTree = "<group>"; };
		C20000000000000000000003 /* AppleSignInCoordinator.swift */ = {isa = PBXFileReference; lastKnownFileType = sourcecode.swift; path = AppleSignInCoordinator.swift; sourceTree = "<group>"; };
		C20000000000000000000004 /* AuthOnboardingView.swift */ = {isa = PBXFileReference; lastKnownFileType = sourcecode.swift; path = AuthOnboardingView.swift; sourceTree = "<group>"; };
		C7301FBF6C0753A3DD59C8D3 /* PixelIconView.swift */ = {isa = PBXFileReference; includeInIndex = 1; lastKnownFileType = sourcecode.swift; path = PixelIconView.swift; sourceTree = "<group>"; };
		CC374B1DDA9D1BFA85E85220 /* PowerUp.swift */ = {isa = PBXFileReference; lastKnownFileType = sourcecode.swift; path = PowerUp.swift; sourceTree = "<group>"; };
		CD5705907ABD8FDB16D7CA92 /* GameModelTests.swift */ = {isa = PBXFileReference; lastKnownFileType = sourcecode.swift; path = GameModelTests.swift; sourceTree = "<group>"; };
		CD59E0EB71DC1D5B631D2753 /* SettingsView.swift */ = {isa = PBXFileReference; lastKnownFileType = sourcecode.swift; path = SettingsView.swift; sourceTree = "<group>"; };
		D10000000000000000000001 /* SplashView.swift */ = {isa = PBXFileReference; lastKnownFileType = sourcecode.swift; path = SplashView.swift; sourceTree = "<group>"; };
		D10000000000000000000002 /* ShareCardView.swift */ = {isa = PBXFileReference; lastKnownFileType = sourcecode.swift; path = ShareCardView.swift; sourceTree = "<group>"; };
		D10000000000000000000003 /* CollectionView.swift */ = {isa = PBXFileReference; lastKnownFileType = sourcecode.swift; path = CollectionView.swift; sourceTree = "<group>"; };
		D10000000000000000000004 /* LeaderboardView.swift */ = {isa = PBXFileReference; lastKnownFileType = sourcecode.swift; path = LeaderboardView.swift; sourceTree = "<group>"; };
		D10000000000000000000005 /* PixelTextField.swift */ = {isa = PBXFileReference; lastKnownFileType = sourcecode.swift; path = PixelTextField.swift; sourceTree = "<group>"; };
		DC899E2E5A7F7DAC55ECAADB /* ShopView.swift */ = {isa = PBXFileReference; lastKnownFileType = sourcecode.swift; path = ShopView.swift; sourceTree = "<group>"; };
		DD41533DFDF5C0880D1DA2B0 /* HomeView.swift */ = {isa = PBXFileReference; lastKnownFileType = sourcecode.swift; path = HomeView.swift; sourceTree = "<group>"; };
		DEDE0002DEDE0002DEDE0002 /* ThemeRecipe.swift */ = {isa = PBXFileReference; lastKnownFileType = sourcecode.swift; path = ThemeRecipe.swift; sourceTree = "<group>"; };
		DEDE0004DEDE0004DEDE0004 /* ThemeRecipeCatalog.swift */ = {isa = PBXFileReference; lastKnownFileType = sourcecode.swift; path = ThemeRecipeCatalog.swift; sourceTree = "<group>"; };
		DF5559B8D2060C87F39CB2A8 /* GameManager.swift */ = {isa = PBXFileReference; lastKnownFileType = sourcecode.swift; path = GameManager.swift; sourceTree = "<group>"; };
		DFA2E95068DB1B30BB047902 /* PixelIconFactory.swift */ = {isa = PBXFileReference; lastKnownFileType = sourcecode.swift; path = PixelIconFactory.swift; sourceTree = "<group>"; };
		E20000000000000000000001 /* ScreenshotTests.swift */ = {isa = PBXFileReference; lastKnownFileType = sourcecode.swift; path = ScreenshotTests.swift; sourceTree = "<group>"; };
		E20000000000000000000002 /* FloppyDuckUITests.xctest */ = {isa = PBXFileReference; explicitFileType = wrapper.cfbundle; includeInIndex = 0; path = FloppyDuckUITests.xctest; sourceTree = BUILT_PRODUCTS_DIR; };
		E511804596196C25C1C1D540 /* Preview Assets.xcassets */ = {isa = PBXFileReference; lastKnownFileType = folder.assetcatalog; path = "Preview Assets.xcassets"; sourceTree = "<group>"; };
		E67C34482BABF41365A82C48 /* AchievementTests.swift */ = {isa = PBXFileReference; lastKnownFileType = sourcecode.swift; path = AchievementTests.swift; sourceTree = "<group>"; };
		E86C1628F41C47F49421AE66 /* PixelButtonBackground.swift */ = {isa = PBXFileReference; lastKnownFileType = sourcecode.swift; path = PixelButtonBackground.swift; sourceTree = "<group>"; };
		E8AC2575D86DB5D5D7AA15BC /* PowerUpTests.swift */ = {isa = PBXFileReference; lastKnownFileType = sourcecode.swift; path = PowerUpTests.swift; sourceTree = "<group>"; };
		ECEAFED59AA05D81B7FE0EEF /* ParallaxManager.swift */ = {isa = PBXFileReference; lastKnownFileType = sourcecode.swift; path = ParallaxManager.swift; sourceTree = "<group>"; };
		EF6223E9869786181FDBDB97 /* TextureFactory.swift */ = {isa = PBXFileReference; lastKnownFileType = sourcecode.swift; path = TextureFactory.swift; sourceTree = "<group>"; };
		F0703F9981111218E6869673 /* PRNG.swift */ = {isa = PBXFileReference; lastKnownFileType = sourcecode.swift; path = PRNG.swift; sourceTree = "<group>"; };
		F10000000000000000000001 /* action_ending.m4a */ = {isa = PBXFileReference; lastKnownFileType = audio.mp4; path = action_ending.m4a; sourceTree = "<group>"; };
		F10000000000000000000002 /* action_level_1.m4a */ = {isa = PBXFileReference; lastKnownFileType = audio.mp4; path = action_level_1.m4a; sourceTree = "<group>"; };
		F10000000000000000000003 /* action_level_2.m4a */ = {isa = PBXFileReference; lastKnownFileType = audio.mp4; path = action_level_2.m4a; sourceTree = "<group>"; };
		F10000000000000000000004 /* action_level_3.m4a */ = {isa = PBXFileReference; lastKnownFileType = audio.mp4; path = action_level_3.m4a; sourceTree = "<group>"; };
		F10000000000000000000005 /* action_title_screen.m4a */ = {isa = PBXFileReference; lastKnownFileType = audio.mp4; path = action_title_screen.m4a; sourceTree = "<group>"; };
		F10000000000000000000006 /* adventure_boss_fight.m4a */ = {isa = PBXFileReference; lastKnownFileType = audio.mp4; path = adventure_boss_fight.m4a; sourceTree = "<group>"; };
		F10000000000000000000007 /* adventure_stage_1.m4a */ = {isa = PBXFileReference; lastKnownFileType = audio.mp4; path = adventure_stage_1.m4a; sourceTree = "<group>"; };
		F10000000000000000000008 /* adventure_stage_2.m4a */ = {isa = PBXFileReference; lastKnownFileType = audio.mp4; path = adventure_stage_2.m4a; sourceTree = "<group>"; };
		F10000000000000000000009 /* adventure_stage_select.m4a */ = {isa = PBXFileReference; lastKnownFileType = audio.mp4; path = adventure_stage_select.m4a; sourceTree = "<group>"; };
		F1000000000000000000000A /* CREDITS.txt */ = {isa = PBXFileReference; lastKnownFileType = text; path = CREDITS.txt; sourceTree = "<group>"; };
		F1000000000000000000000B /* quack.wav */ = {isa = PBXFileReference; lastKnownFileType = audio.wav; path = quack.wav; sourceTree = "<group>"; };
		F1000000000000000000000C /* theme_cave.m4a */ = {isa = PBXFileReference; lastKnownFileType = audio.mp4; path = theme_cave.m4a; sourceTree = "<group>"; };
		F1000000000000000000000D /* theme_egypt.m4a */ = {isa = PBXFileReference; lastKnownFileType = audio.mp4; path = theme_egypt.m4a; sourceTree = "<group>"; };
		F1000000000000000000000E /* theme_jungle.m4a */ = {isa = PBXFileReference; lastKnownFileType = audio.mp4; path = theme_jungle.m4a; sourceTree = "<group>"; };
		F1000000000000000000000F /* theme_mountain.m4a */ = {isa = PBXFileReference; lastKnownFileType = audio.mp4; path = theme_mountain.m4a; sourceTree = "<group>"; };
		F10000000000000000000010 /* theme_western.m4a */ = {isa = PBXFileReference; lastKnownFileType = audio.mp4; path = theme_western.m4a; sourceTree = "<group>"; };
		F10000000000000000000011 /* quack_1.m4a */ = {isa = PBXFileReference; lastKnownFileType = audio.mp4; path = quack_1.m4a; sourceTree = "<group>"; };
		F10000000000000000000012 /* quack_2.m4a */ = {isa = PBXFileReference; lastKnownFileType = audio.mp4; path = quack_2.m4a; sourceTree = "<group>"; };
		F10000000000000000000013 /* quack_3.m4a */ = {isa = PBXFileReference; lastKnownFileType = audio.mp4; path = quack_3.m4a; sourceTree = "<group>"; };
		F10000000000000000000014 /* quack_4.m4a */ = {isa = PBXFileReference; lastKnownFileType = audio.mp4; path = quack_4.m4a; sourceTree = "<group>"; };
		F10000000000000000000015 /* quack_5.m4a */ = {isa = PBXFileReference; lastKnownFileType = audio.mp4; path = quack_5.m4a; sourceTree = "<group>"; };
		F10000000000000000000020 /* theme_neonCity.m4a */ = {isa = PBXFileReference; lastKnownFileType = audio.mp4; path = theme_neonCity.m4a; sourceTree = "<group>"; };
		F10000000000000000000021 /* theme_underwater.m4a */ = {isa = PBXFileReference; lastKnownFileType = audio.mp4; path = theme_underwater.m4a; sourceTree = "<group>"; };
		F10000000000000000000022 /* theme_volcano.m4a */ = {isa = PBXFileReference; lastKnownFileType = audio.mp4; path = theme_volcano.m4a; sourceTree = "<group>"; };
		F10000000000000000000023 /* theme_arctic.m4a */ = {isa = PBXFileReference; lastKnownFileType = audio.mp4; path = theme_arctic.m4a; sourceTree = "<group>"; };
		F10000000000000000000024 /* theme_space.m4a */ = {isa = PBXFileReference; lastKnownFileType = audio.mp4; path = theme_space.m4a; sourceTree = "<group>"; };
		F10000000000000000000025 /* theme_pixelTokyo.m4a */ = {isa = PBXFileReference; lastKnownFileType = audio.mp4; path = theme_pixelTokyo.m4a; sourceTree = "<group>"; };
		F10000000000000000000030 /* AudioNormalizationTests.swift */ = {isa = PBXFileReference; lastKnownFileType = sourcecode.swift; path = AudioNormalizationTests.swift; sourceTree = "<group>"; };
		F10000000000000000000040 /* quack_cowboy.m4a */ = {isa = PBXFileReference; lastKnownFileType = audio.mpeg4; path = quack_cowboy.m4a; sourceTree = "<group>"; };
		F10000000000000000000041 /* quack_alien.m4a */ = {isa = PBXFileReference; lastKnownFileType = audio.mpeg4; path = quack_alien.m4a; sourceTree = "<group>"; };
		F10000000000000000000042 /* quack_dinosaur.m4a */ = {isa = PBXFileReference; lastKnownFileType = audio.mpeg4; path = quack_dinosaur.m4a; sourceTree = "<group>"; };
		F10000000000000000000043 /* quack_wizard.m4a */ = {isa = PBXFileReference; lastKnownFileType = audio.mpeg4; path = quack_wizard.m4a; sourceTree = "<group>"; };
		F10000000000000000000044 /* quack_devil.m4a */ = {isa = PBXFileReference; lastKnownFileType = audio.mpeg4; path = quack_devil.m4a; sourceTree = "<group>"; };
		F10000000000000000000045 /* quack_sailor.m4a */ = {isa = PBXFileReference; lastKnownFileType = audio.mpeg4; path = quack_sailor.m4a; sourceTree = "<group>"; };
		F10000000000000000000046 /* quack_pirate.m4a */ = {isa = PBXFileReference; lastKnownFileType = audio.mpeg4; path = quack_pirate.m4a; sourceTree = "<group>"; };
		F10000000000000000000047 /* quack_golden.m4a */ = {isa = PBXFileReference; lastKnownFileType = audio.mpeg4; path = quack_golden.m4a; sourceTree = "<group>"; };
		F10000000000000000000048 /* quack_ninja.m4a */ = {isa = PBXFileReference; lastKnownFileType = audio.mpeg4; path = quack_ninja.m4a; sourceTree = "<group>"; };
		F10000000000000000000049 /* quack_astronaut.m4a */ = {isa = PBXFileReference; lastKnownFileType = audio.mpeg4; path = quack_astronaut.m4a; sourceTree = "<group>"; };
		F1000000000000000000004A /* quack_pharaoh.m4a */ = {isa = PBXFileReference; lastKnownFileType = audio.mpeg4; path = quack_pharaoh.m4a; sourceTree = "<group>"; };
		F1000000000000000000004B /* quack_robot.m4a */ = {isa = PBXFileReference; lastKnownFileType = audio.mpeg4; path = quack_robot.m4a; sourceTree = "<group>"; };
		F1000000000000000000004C /* quack_king.m4a */ = {isa = PBXFileReference; lastKnownFileType = audio.mpeg4; path = quack_king.m4a; sourceTree = "<group>"; };
		F10000000000000000000050 /* quack_lumberquack.m4a */ = {isa = PBXFileReference; lastKnownFileType = audio.mpeg4; path = quack_lumberquack.m4a; sourceTree = "<group>"; };
		F10000000000000000000051 /* quack_spider.m4a */ = {isa = PBXFileReference; lastKnownFileType = audio.mpeg4; path = quack_spider.m4a; sourceTree = "<group>"; };
		F10000000000000000000052 /* quack_squirrel.m4a */ = {isa = PBXFileReference; lastKnownFileType = audio.mpeg4; path = quack_squirrel.m4a; sourceTree = "<group>"; };
		F10000000000000000000053 /* quack_bearskin.m4a */ = {isa = PBXFileReference; lastKnownFileType = audio.mpeg4; path = quack_bearskin.m4a; sourceTree = "<group>"; };
		F10000000000000000000060 /* cruchh.m4a */ = {isa = PBXFileReference; lastKnownFileType = audio.mpeg4; path = cruchh.m4a; sourceTree = "<group>"; };
		F10000000000000000000061 /* multiplayer_countdown.wav */ = {isa = PBXFileReference; lastKnownFileType = audio.wav; path = multiplayer_countdown.wav; sourceTree = "<group>"; };
		F100000000000000000004D /* theme_lagoon.m4a */ = {isa = PBXFileReference; lastKnownFileType = audio.mp4; path = theme_lagoon.m4a; sourceTree = "<group>"; };
		F100000000000000000004E /* theme_losAngeles.m4a */ = {isa = PBXFileReference; lastKnownFileType = audio.mp4; path = theme_losAngeles.m4a; sourceTree = "<group>"; };
		F100000000000000000004F /* theme_london.m4a */ = {isa = PBXFileReference; lastKnownFileType = audio.mp4; path = theme_london.m4a; sourceTree = "<group>"; };
		F10000000000000000000054 /* theme_castle.m4a */ = {isa = PBXFileReference; lastKnownFileType = audio.mp4; path = theme_castle.m4a; sourceTree = "<group>"; };
		F10000000000000000000055 /* theme_clouds.m4a */ = {isa = PBXFileReference; lastKnownFileType = audio.mp4; path = theme_clouds.m4a; sourceTree = "<group>"; };
		FBCE68166C3B433188B01FDE /* HapticManager.swift */ = {isa = PBXFileReference; lastKnownFileType = sourcecode.swift; path = HapticManager.swift; sourceTree = "<group>"; };
		FE0494021C7FBFABF4BD6618 /* MedalTests.swift */ = {isa = PBXFileReference; lastKnownFileType = sourcecode.swift; path = MedalTests.swift; sourceTree = "<group>"; };
		FEE665FBBA56B6B05993EC6B /* BotLadderView.swift */ = {isa = PBXFileReference; lastKnownFileType = sourcecode.swift; path = BotLadderView.swift; sourceTree = "<group>"; };
		PH0000000000000000000005 /* AnalyticsManager.swift */ = {isa = PBXFileReference; lastKnownFileType = sourcecode.swift; path = AnalyticsManager.swift; sourceTree = "<group>"; };
/* End PBXFileReference section */

/* Begin PBXFrameworksBuildPhase section */
		A30000000000000000000001 /* Frameworks */ = {
			isa = PBXFrameworksBuildPhase;
			buildActionMask = 2147483647;
			files = (
			);
			runOnlyForDeploymentPostprocessing = 0;
		};
		E30000000000000000000001 /* Frameworks */ = {
			isa = PBXFrameworksBuildPhase;
			buildActionMask = 2147483647;
			files = (
			);
			runOnlyForDeploymentPostprocessing = 0;
		};
		F8BD22F2990F41972F1DD9DF /* Frameworks */ = {
			isa = PBXFrameworksBuildPhase;
			buildActionMask = 2147483647;
			files = (
				SE0000000000000000000003 /* Sentry in Frameworks */,
				PH0000000000000000000003 /* PostHog in Frameworks */,
			);
			runOnlyForDeploymentPostprocessing = 0;
		};
/* End PBXFrameworksBuildPhase section */

/* Begin PBXGroup section */
		058341E568DAA126DED41013 /* Views */ = {
			isa = PBXGroup;
			children = (
				5C8EC4C359C9110B0D68C72F /* Components */,
				C20000000000000000000004 /* AuthOnboardingView.swift */,
				DD41533DFDF5C0880D1DA2B0 /* HomeView.swift */,
				5631A2E41C3ECFE3139D9B36 /* AchievementsView.swift */,
				6536C0571E3D58450DECC837 /* GameContainerView.swift */,
				6757C7C15DA4FAF02AA1E5CA /* MatchmakingView.swift */,
				5B0ADBBCFC5947F1B54DF780 /* SinglePlayerModesView.swift */,
				A47652A08D5F52D04D2A070A /* StatsView.swift */,
				FRIENDSVIEW0000000000000001 /* FriendsView.swift */,
				PUBLICPROFILE00000000000001 /* PublicProfileView.swift */,
				CD59E0EB71DC1D5B631D2753 /* SettingsView.swift */,
				D10000000000000000000001 /* SplashView.swift */,
				FEE665FBBA56B6B05993EC6B /* BotLadderView.swift */,
				DC899E2E5A7F7DAC55ECAADB /* ShopView.swift */,
				D10000000000000000000003 /* CollectionView.swift */,
				D10000000000000000000004 /* LeaderboardView.swift */,
				D10000000000000000000005 /* PixelTextField.swift */,
				4340EF076E87455287C0DFA4 /* ThemePreviewView.swift */,
				BE02A113F19E410CF301C13D /* OptimizedGameView.swift */,
			);
			path = Views;
			sourceTree = "<group>";
		};
		0B1447498EC4F1F69A2A1BCC = {
			isa = PBXGroup;
			children = (
				40E7256AF7638B5B6B81606E /* FloppyDuck */,
				A40000000000000000000001 /* FloppyDuckTests */,
				E40000000000000000000001 /* FloppyDuckUITests */,
				F10000000000000000000060 /* cruchh.m4a */,
				869F6DB7D2C008CCC31F4B39 /* Products */,
			);
			sourceTree = "<group>";
		};
		40E7256AF7638B5B6B81606E /* FloppyDuck */ = {
			isa = PBXGroup;
			children = (
				944325C55C15EC0ED9EDE74D /* App */,
				F30000000000000000000001 /* Audio */,
				5FD76A785CF6BDA704AB73E3 /* Game */,
				E0FB3BE563848C0B81616C98 /* Models */,
				AF2453D02A02A2B841B715F4 /* Services */,
				5FAA3EDC67ED73B227892ABC /* Utilities */,
				058341E568DAA126DED41013 /* Views */,
				BD270101F4832BD91EEB76A8 /* PressStart2P-Regular.ttf */,
				0096DDB5D5C93DB7732319BF /* Info.plist */,
				B0A1B2C3D4E5F60718293040 /* FloppyDuck.entitlements */,
				8E6FF640E1D4DB72FE354CAA /* Assets.xcassets */,
				4EBF7C09301D45F97241D281 /* Preview Content */,
			);
			path = FloppyDuck;
			sourceTree = "<group>";
		};
		4EBF7C09301D45F97241D281 /* Preview Content */ = {
			isa = PBXGroup;
			children = (
				E511804596196C25C1C1D540 /* Preview Assets.xcassets */,
			);
			path = "Preview Content";
			sourceTree = "<group>";
		};
		5C8EC4C359C9110B0D68C72F /* Components */ = {
			isa = PBXGroup;
			children = (
				40EF3CF403664FE7A584B1C6 /* PatchNotesOverlay.swift */,
				D10000000000000000000002 /* ShareCardView.swift */,
				4140A43FD1A514A199DC2BD5 /* VersusIntroView.swift */,
			);
			path = Components;
			sourceTree = "<group>";
		};
		5FAA3EDC67ED73B227892ABC /* Utilities */ = {
			isa = PBXGroup;
			children = (
				F0703F9981111218E6869673 /* PRNG.swift */,
				FBCE68166C3B433188B01FDE /* HapticManager.swift */,
				EF6223E9869786181FDBDB97 /* TextureFactory.swift */,
				DFA2E95068DB1B30BB047902 /* PixelIconFactory.swift */,
				A1B2C3D4E5F6071829304050 /* SoundManager.swift */,
				C7301FBF6C0753A3DD59C8D3 /* PixelIconView.swift */,
				E86C1628F41C47F49421AE66 /* PixelButtonBackground.swift */,
			);
			path = Utilities;
			sourceTree = "<group>";
		};
		5FD76A785CF6BDA704AB73E3 /* Game */ = {
			isa = PBXGroup;
			children = (
				C9E5E22D4C941EB9381FDEED /* Controllers */,
				6F57D6444D8C2281BB9B5DEA /* GameScene.swift */,
				20080901053DC37D1D533489 /* DifficultyManager.swift */,
				CC374B1DDA9D1BFA85E85220 /* PowerUp.swift */,
				0F70986D2FC6C1758722D0D5 /* GameConstants.swift */,
				DEDE0002DEDE0002DEDE0002 /* ThemeRecipe.swift */,
				DEDE0004DEDE0004DEDE0004 /* ThemeRecipeCatalog.swift */,
			);
			path = Game;
			sourceTree = "<group>";
		};
		869F6DB7D2C008CCC31F4B39 /* Products */ = {
			isa = PBXGroup;
			children = (
				45E49708FF03202FD286092D /* FloppyDuck.app */,
				A20000000000000000000001 /* FloppyDuckTests.xctest */,
				E20000000000000000000002 /* FloppyDuckUITests.xctest */,
			);
			name = Products;
			sourceTree = "<group>";
		};
		944325C55C15EC0ED9EDE74D /* App */ = {
			isa = PBXGroup;
			children = (
				451E6FA22D65A28DB1459F95 /* FloppyDuckApp.swift */,
				2E1FEDB6FF10BA6FFD17B81A /* ContentView.swift */,
				A1F0D5A2C3E44B5D8F9A0B1C /* LaunchScreen.storyboard */,
			);
			path = App;
			sourceTree = "<group>";
		};
		A40000000000000000000001 /* FloppyDuckTests */ = {
			isa = PBXGroup;
			children = (
				A20000000000000000000002 /* MultiplayerSessionTests.swift */,
				A20000000000000000000003 /* PlayerStatsTests.swift */,
				E67C34482BABF41365A82C48 /* AchievementTests.swift */,
				AEC0FA57DB4A1F4290C01227 /* DifficultyManagerTests.swift */,
				F10000000000000000000030 /* AudioNormalizationTests.swift */,
				E8AC2575D86DB5D5D7AA15BC /* PowerUpTests.swift */,
				FE0494021C7FBFABF4BD6618 /* MedalTests.swift */,
				01FBB5328EEB7721AC2BC6C4 /* BotCharacterTests.swift */,
				CD5705907ABD8FDB16D7CA92 /* GameModelTests.swift */,
				A20000000000000000000101 /* GameSceneTests.swift */,
				A20000000000000000000099 /* MultiplayerFlowTests.swift */,
				44A39FF82D49B79DC5EE276C /* GamePerformanceTests.swift */,
				445359B5F10EBA12243F985D /* RapidFlapHotPathTests.swift */,
			);
			path = FloppyDuckTests;
			sourceTree = "<group>";
		};
		AF2453D02A02A2B841B715F4 /* Services */ = {
			isa = PBXGroup;
			children = (
				C20000000000000000000001 /* AuthManager.swift */,
				C20000000000000000000002 /* IdentityStore.swift */,
				C20000000000000000000003 /* AppleSignInCoordinator.swift */,
				8A120B6A75AD6A50169B1E8A /* ConvexClient.swift */,
				PH0000000000000000000005 /* AnalyticsManager.swift */,
			);
			path = Services;
			sourceTree = "<group>";
		};
		C9E5E22D4C941EB9381FDEED /* Controllers */ = {
			isa = PBXGroup;
			children = (
				ECEAFED59AA05D81B7FE0EEF /* ParallaxManager.swift */,
				01256F5F2501C40E0B8C7A2F /* BotController.swift */,
				81BFA94D06C0765AAE762441 /* PowerUpController.swift */,
			);
			path = Controllers;
			sourceTree = "<group>";
		};
		E0FB3BE563848C0B81616C98 /* Models */ = {
			isa = PBXGroup;
			children = (
				3D35655334C23B66037D828D /* GameModels.swift */,
				93CCF6581206AE4460510C5F /* Achievement.swift */,
				DF5559B8D2060C87F39CB2A8 /* GameManager.swift */,
				709E16E4587997D58A88C22F /* BotCharacter.swift */,
				521CBBCA0DCE6D94AD59AC15 /* DuckSkin.swift */,
				4E04DFC7B500170F528318BC /* SkinManager.swift */,
				7A771ACFDBD10F0C11BA9444 /* BackgroundTheme.swift */,
				5AF25026FF4DAD8B84CD3AF5 /* ThemeManager.swift */,
				1E8274143C4B7D0D42878511 /* BannerManager.swift */,
				32A5446E0CA1C4FF2B11AC94 /* PipeSkin.swift */,
				9470B99E437E109110C09E26 /* PipeSkinManager.swift */,
				500303494824515335359523 /* IAPCoordinator.swift */,
				04256D4EFAB614B2184DDDCE /* BattleBanner.swift */,
			);
			path = Models;
			sourceTree = "<group>";
		};
		E40000000000000000000001 /* FloppyDuckUITests */ = {
			isa = PBXGroup;
			children = (
				E20000000000000000000001 /* ScreenshotTests.swift */,
				288CEF83A709F6415BE70A30 /* GameUIPerformanceTests.swift */,
			);
			path = FloppyDuckUITests;
			sourceTree = "<group>";
		};
		F30000000000000000000001 /* Audio */ = {
			isa = PBXGroup;
			children = (
				F30000000000000000000002 /* Music */,
				F30000000000000000000003 /* Quacks */,
				F1000000000000000000000B /* quack.wav */,
				F10000000000000000000061 /* multiplayer_countdown.wav */,
				F1000000000000000000000A /* CREDITS.txt */,
			);
			path = Audio;
			sourceTree = "<group>";
		};
		F30000000000000000000002 /* Music */ = {
			isa = PBXGroup;
			children = (
				F10000000000000000000001 /* action_ending.m4a */,
				F10000000000000000000002 /* action_level_1.m4a */,
				F10000000000000000000003 /* action_level_2.m4a */,
				F10000000000000000000004 /* action_level_3.m4a */,
				F10000000000000000000005 /* action_title_screen.m4a */,
				F10000000000000000000006 /* adventure_boss_fight.m4a */,
				F10000000000000000000007 /* adventure_stage_1.m4a */,
				F10000000000000000000008 /* adventure_stage_2.m4a */,
				F10000000000000000000009 /* adventure_stage_select.m4a */,
				F1000000000000000000000C /* theme_cave.m4a */,
				F1000000000000000000000D /* theme_egypt.m4a */,
				F1000000000000000000000E /* theme_jungle.m4a */,
				F1000000000000000000000F /* theme_mountain.m4a */,
				F10000000000000000000020 /* theme_neonCity.m4a */,
				F10000000000000000000021 /* theme_underwater.m4a */,
				F10000000000000000000022 /* theme_volcano.m4a */,
				F10000000000000000000023 /* theme_arctic.m4a */,
				F10000000000000000000024 /* theme_space.m4a */,
				F10000000000000000000025 /* theme_pixelTokyo.m4a */,
				F10000000000000000000010 /* theme_western.m4a */,
				F100000000000000000004D /* theme_lagoon.m4a */,
				F100000000000000000004E /* theme_losAngeles.m4a */,
				F100000000000000000004F /* theme_london.m4a */,
				F10000000000000000000054 /* theme_castle.m4a */,
				F10000000000000000000055 /* theme_clouds.m4a */,
			);
			path = Music;
			sourceTree = "<group>";
		};
		F30000000000000000000003 /* Quacks */ = {
			isa = PBXGroup;
			children = (
				F10000000000000000000011 /* quack_1.m4a */,
				F10000000000000000000012 /* quack_2.m4a */,
				F10000000000000000000013 /* quack_3.m4a */,
				F10000000000000000000014 /* quack_4.m4a */,
				F10000000000000000000015 /* quack_5.m4a */,
				F30000000000000000000004 /* Skins */,
			);
			path = Quacks;
			sourceTree = "<group>";
		};
		F30000000000000000000004 /* Skins */ = {
			isa = PBXGroup;
			children = (
				F10000000000000000000040 /* quack_cowboy.m4a */,
				F10000000000000000000041 /* quack_alien.m4a */,
				F10000000000000000000042 /* quack_dinosaur.m4a */,
				F1000000000000000000052 /* quack_unicorn.m4a */,
				F1000000000000000000051 /* quack_princess.m4a */,
				F1000000000000000000050 /* quack_mermaid.m4a */,
				F10000000000000000000043 /* quack_wizard.m4a */,
				F10000000000000000000044 /* quack_devil.m4a */,
				F10000000000000000000045 /* quack_sailor.m4a */,
				F10000000000000000000046 /* quack_pirate.m4a */,
				F10000000000000000000047 /* quack_golden.m4a */,
				F10000000000000000000048 /* quack_ninja.m4a */,
				F10000000000000000000049 /* quack_astronaut.m4a */,
				F1000000000000000000004A /* quack_pharaoh.m4a */,
				F1000000000000000000004B /* quack_robot.m4a */,
				F1000000000000000000004C /* quack_king.m4a */,
				F10000000000000000000050 /* quack_lumberquack.m4a */,
				F10000000000000000000051 /* quack_spider.m4a */,
				F10000000000000000000052 /* quack_squirrel.m4a */,
				F10000000000000000000053 /* quack_bearskin.m4a */,
			);
			path = Skins;
			sourceTree = "<group>";
		};
/* End PBXGroup section */

/* Begin PBXNativeTarget section */
		A60000000000000000000001 /* FloppyDuckTests */ = {
			isa = PBXNativeTarget;
			buildConfigurationList = AB0000000000000000000001 /* Build configuration list for PBXNativeTarget "FloppyDuckTests" */;
			buildPhases = (
				A80000000000000000000001 /* Sources */,
				A30000000000000000000001 /* Frameworks */,
				A70000000000000000000001 /* Resources */,
			);
			buildRules = (
			);
			dependencies = (
				A90000000000000000000001 /* PBXTargetDependency */,
			);
			name = FloppyDuckTests;
			productName = FloppyDuckTests;
			productReference = A20000000000000000000001 /* FloppyDuckTests.xctest */;
			productType = "com.apple.product-type.bundle.unit-test";
		};
		CC26CC21560A6F6D89098BBE /* FloppyDuck */ = {
			isa = PBXNativeTarget;
			buildConfigurationList = C15F3F33BAC94685D2A372D1 /* Build configuration list for PBXNativeTarget "FloppyDuck" */;
			buildPhases = (
				5A47A4BEE87536527978A253 /* Sources */,
				F8BD22F2990F41972F1DD9DF /* Frameworks */,
				915FCF5A99513AFC46FDB39D /* Resources */,
			);
			buildRules = (
			);
			dependencies = (
			);
			name = FloppyDuck;
			packageProductDependencies = (
				SE0000000000000000000002 /* Sentry */,
				PH0000000000000000000002 /* PostHog */,
			);
			productName = FloppyDuck;
			productReference = 45E49708FF03202FD286092D /* FloppyDuck.app */;
			productType = "com.apple.product-type.application";
		};
		E60000000000000000000001 /* FloppyDuckUITests */ = {
			isa = PBXNativeTarget;
			buildConfigurationList = EB0000000000000000000001 /* Build configuration list for PBXNativeTarget "FloppyDuckUITests" */;
			buildPhases = (
				E80000000000000000000001 /* Sources */,
				E30000000000000000000001 /* Frameworks */,
				E70000000000000000000001 /* Resources */,
			);
			buildRules = (
			);
			dependencies = (
				E90000000000000000000001 /* PBXTargetDependency */,
			);
			name = FloppyDuckUITests;
			productName = FloppyDuckUITests;
			productReference = E20000000000000000000002 /* FloppyDuckUITests.xctest */;
			productType = "com.apple.product-type.bundle.ui-testing";
		};
/* End PBXNativeTarget section */

/* Begin PBXProject section */
		E74DADFE3AC5262D28E19680 /* Project object */ = {
			isa = PBXProject;
			attributes = {
				BuildIndependentTargetsInParallel = YES;
				LastUpgradeCheck = 1620;
			};
			buildConfigurationList = 3B3EFF91059D12F78D2F21D0 /* Build configuration list for PBXProject "FloppyDuck" */;
			compatibilityVersion = "Xcode 14.0";
			developmentRegion = en;
			hasScannedForEncodings = 0;
			knownRegions = (
				en,
				Base,
			);
			mainGroup = 0B1447498EC4F1F69A2A1BCC;
			packageReferences = (
				SE0000000000000000000001 /* XCRemoteSwiftPackageReference "sentry-cocoa" */,
				PH0000000000000000000001 /* XCRemoteSwiftPackageReference "posthog-ios" */,
			);
			productRefGroup = 869F6DB7D2C008CCC31F4B39 /* Products */;
			projectDirPath = "";
			projectRoot = "";
			targets = (
				CC26CC21560A6F6D89098BBE /* FloppyDuck */,
				A60000000000000000000001 /* FloppyDuckTests */,
				E60000000000000000000001 /* FloppyDuckUITests */,
			);
		};
/* End PBXProject section */

/* Begin PBXResourcesBuildPhase section */
		915FCF5A99513AFC46FDB39D /* Resources */ = {
			isa = PBXResourcesBuildPhase;
			buildActionMask = 2147483647;
			files = (
				04666A470ECFB54E910D5BAC /* Assets.xcassets in Resources */,
				F6C14CBD558848CCE98A0F40 /* PressStart2P-Regular.ttf in Resources */,
				B2F0D5A2C3E44B5D8F9A0B1C /* LaunchScreen.storyboard in Resources */,
				F20000000000000000000001 /* action_ending.m4a in Resources */,
				F20000000000000000000002 /* action_level_1.m4a in Resources */,
				F20000000000000000000003 /* action_level_2.m4a in Resources */,
				F20000000000000000000004 /* action_level_3.m4a in Resources */,
				F20000000000000000000005 /* action_title_screen.m4a in Resources */,
				F20000000000000000000006 /* adventure_boss_fight.m4a in Resources */,
				F20000000000000000000007 /* adventure_stage_1.m4a in Resources */,
				F20000000000000000000008 /* adventure_stage_2.m4a in Resources */,
				F20000000000000000000009 /* adventure_stage_select.m4a in Resources */,
				F2000000000000000000000A /* CREDITS.txt in Resources */,
				F2000000000000000000000B /* quack.wav in Resources */,
				F20000000000000000000061 /* multiplayer_countdown.wav in Resources */,
				F20000000000000000000060 /* cruchh.m4a in Resources */,
				F2000000000000000000000C /* theme_cave.m4a in Resources */,
				F2000000000000000000000D /* theme_egypt.m4a in Resources */,
				F2000000000000000000000E /* theme_jungle.m4a in Resources */,
				F2000000000000000000000F /* theme_mountain.m4a in Resources */,
				F20000000000000000000020 /* theme_neonCity.m4a in Resources */,
				F20000000000000000000021 /* theme_underwater.m4a in Resources */,
				F20000000000000000000022 /* theme_volcano.m4a in Resources */,
				F20000000000000000000023 /* theme_arctic.m4a in Resources */,
				F20000000000000000000024 /* theme_space.m4a in Resources */,
				F20000000000000000000025 /* theme_pixelTokyo.m4a in Resources */,
				F20000000000000000000010 /* theme_western.m4a in Resources */,
				F20000000000000000000011 /* quack_1.m4a in Resources */,
				F20000000000000000000012 /* quack_2.m4a in Resources */,
				F20000000000000000000013 /* quack_3.m4a in Resources */,
				F20000000000000000000014 /* quack_4.m4a in Resources */,
				F20000000000000000000015 /* quack_5.m4a in Resources */,
				F20000000000000000000040 /* quack_cowboy.m4a in Resources */,
				F20000000000000000000041 /* quack_alien.m4a in Resources */,
				F20000000000000000000042 /* quack_dinosaur.m4a in Resources */,
				F2000000000000000000052 /* quack_unicorn.m4a in Resources */,
				F2000000000000000000051 /* quack_princess.m4a in Resources */,
				F2000000000000000000050 /* quack_mermaid.m4a in Resources */,
				F20000000000000000000043 /* quack_wizard.m4a in Resources */,
				F20000000000000000000044 /* quack_devil.m4a in Resources */,
				F20000000000000000000045 /* quack_sailor.m4a in Resources */,
				F20000000000000000000046 /* quack_pirate.m4a in Resources */,
				F20000000000000000000047 /* quack_golden.m4a in Resources */,
				F20000000000000000000048 /* quack_ninja.m4a in Resources */,
				F20000000000000000000049 /* quack_astronaut.m4a in Resources */,
				F2000000000000000000004A /* quack_pharaoh.m4a in Resources */,
				F2000000000000000000004B /* quack_robot.m4a in Resources */,
				F2000000000000000000004C /* quack_king.m4a in Resources */,
				F200000000000000000004D /* theme_lagoon.m4a in Resources */,
				F200000000000000000004E /* theme_losAngeles.m4a in Resources */,
				F200000000000000000004F /* theme_london.m4a in Resources */,
				F20000000000000000000054 /* theme_castle.m4a in Resources */,
				F20000000000000000000055 /* theme_clouds.m4a in Resources */,
				F20000000000000000000050 /* quack_lumberquack.m4a in Resources */,
				F20000000000000000000051 /* quack_spider.m4a in Resources */,
				F20000000000000000000052 /* quack_squirrel.m4a in Resources */,
				F20000000000000000000053 /* quack_bearskin.m4a in Resources */,
			);
			runOnlyForDeploymentPostprocessing = 0;
		};
		A70000000000000000000001 /* Resources */ = {
			isa = PBXResourcesBuildPhase;
			buildActionMask = 2147483647;
			files = (
			);
			runOnlyForDeploymentPostprocessing = 0;
		};
		E70000000000000000000001 /* Resources */ = {
			isa = PBXResourcesBuildPhase;
			buildActionMask = 2147483647;
			files = (
			);
			runOnlyForDeploymentPostprocessing = 0;
		};
/* End PBXResourcesBuildPhase section */

/* Begin PBXSourcesBuildPhase section */
		5A47A4BEE87536527978A253 /* Sources */ = {
			isa = PBXSourcesBuildPhase;
			buildActionMask = 2147483647;
			files = (
				EB39ADF36C8B378B568E6FFD /* ContentView.swift in Sources */,
				108CA6DF21DC6F0EDE421CE6 /* FloppyDuckApp.swift in Sources */,
				E4862C9430504EFD8842A776 /* GameConstants.swift in Sources */,
				1BB9C896FDADFF52588A8475 /* GameScene.swift in Sources */,
				FF1E7DCB9494C2D8DE5E22BC /* ParallaxManager.swift in Sources */,
				74C7BB1EBED11D4C50F70D9C /* BotController.swift in Sources */,
				7F9B6B1E213D138387FC9463 /* PowerUpController.swift in Sources */,
				0FD673CC8B4188A4D5B14A68 /* DifficultyManager.swift in Sources */,
				BCA7AC277DEBF717137BC891 /* PowerUp.swift in Sources */,
				DEDE0001DEDE0001DEDE0001 /* ThemeRecipe.swift in Sources */,
				DEDE0003DEDE0003DEDE0003 /* ThemeRecipeCatalog.swift in Sources */,
				915FA225B9808E616EE0A791 /* GameManager.swift in Sources */,
				A96B820B3183299E2C74FC11 /* GameModels.swift in Sources */,
				2EEEE91902883C94188AF143 /* Achievement.swift in Sources */,
				426F8821C9831D68A5B27147 /* AchievementsView.swift in Sources */,
				C10000000000000000000001 /* AuthManager.swift in Sources */,
				C10000000000000000000002 /* IdentityStore.swift in Sources */,
				C10000000000000000000003 /* AppleSignInCoordinator.swift in Sources */,
				D27603A65E3A06C3CB359FED /* ConvexClient.swift in Sources */,
				49818A54D2311A8C429F104E /* HapticManager.swift in Sources */,
				89B61228B4E653AA90467704 /* PRNG.swift in Sources */,
				CAFA74F0B0D4535CFB00FF8C /* TextureFactory.swift in Sources */,
				83E9AC3E2D6FD63ABDC83B4D /* GameContainerView.swift in Sources */,
				DE5495A93496B50D9CEDB240 /* HomeView.swift in Sources */,
				C10000000000000000000004 /* AuthOnboardingView.swift in Sources */,
				535FCF26C1A992F9F8C90357 /* MatchmakingView.swift in Sources */,
				C37CFCC84552426EBB049D87 /* SinglePlayerModesView.swift in Sources */,
				99308076B485D18DE7FA4DA6 /* PixelIconFactory.swift in Sources */,
				B1C2D3E4F5061728394A5B6C /* SoundManager.swift in Sources */,
				D390BFFFED7C4E3C36AFADCE /* StatsView.swift in Sources */,
				FRIENDSVIEWBUILD00000000001 /* FriendsView.swift in Sources */,
				PUBLICPROFILEBUILD000000001 /* PublicProfileView.swift in Sources */,
				9427E70309498CDBF08B3846 /* SettingsView.swift in Sources */,
				D30000000000000000000001 /* SplashView.swift in Sources */,
				D30000000000000000000002 /* ShareCardView.swift in Sources */,
				A7F686449252A5C6E85F4C65 /* BotCharacter.swift in Sources */,
				BE83180DB6EA0770D2D8235C /* DuckSkin.swift in Sources */,
				CE0FE362AF86AF0634F66E10 /* SkinManager.swift in Sources */,
				802DB17F036507568468C6F4 /* BackgroundTheme.swift in Sources */,
				186FEA6281971BA1A9DA11E7 /* ThemeManager.swift in Sources */,
				722DC57A583E4629413B2ABF /* BotLadderView.swift in Sources */,
				BA0E3CE3C181DBA8B407C25C /* ShopView.swift in Sources */,
				D30000000000000000000003 /* CollectionView.swift in Sources */,
				D30000000000000000000004 /* LeaderboardView.swift in Sources */,
				D30000000000000000000005 /* PixelTextField.swift in Sources */,
				EBC51E41AE8456EB802ACFE8 /* VersusIntroView.swift in Sources */,
				C9B05AB5C283EC66F1F57155 /* PixelIconView.swift in Sources */,
				2514E0B97AF4CE474E62C8E4 /* BannerManager.swift in Sources */,
				131183A5C3710A2967419ED0 /* PipeSkin.swift in Sources */,
				AAF2774F842E3A0EE7661F7E /* PipeSkinManager.swift in Sources */,
				348610661553389717387397 /* IAPCoordinator.swift in Sources */,
				52928A5D99AFDD8C805F878A /* BattleBanner.swift in Sources */,
				PH0000000000000000000004 /* AnalyticsManager.swift in Sources */,
				DEECE41FEA0C4454A6DE9182 /* PixelButtonBackground.swift in Sources */,
				2207B7BAF82148B0BE7D5DE8 /* ThemePreviewView.swift in Sources */,
				2C6BFFF71B1F4F47AAA17A63 /* PatchNotesOverlay.swift in Sources */,
				0BE2C5C15BDB95BDB4513ACC /* OptimizedGameView.swift in Sources */,
			);
			runOnlyForDeploymentPostprocessing = 0;
		};
		A80000000000000000000001 /* Sources */ = {
			isa = PBXSourcesBuildPhase;
			buildActionMask = 2147483647;
			files = (
				A10000000000000000000001 /* MultiplayerSessionTests.swift in Sources */,
				A10000000000000000000002 /* PlayerStatsTests.swift in Sources */,
				BCA3E3D34D5746AD643876F3 /* AchievementTests.swift in Sources */,
				DA952EA9A8F9F4B558AE3005 /* DifficultyManagerTests.swift in Sources */,
				F20000000000000000000030 /* AudioNormalizationTests.swift in Sources */,
				20823673A32711E924366C3E /* PowerUpTests.swift in Sources */,
				5A036B38A42A68B2A8E40347 /* MedalTests.swift in Sources */,
				B27BE089E51B1C20456A5356 /* BotCharacterTests.swift in Sources */,
				198EBFE8E30E445C4F77AAA3 /* GameModelTests.swift in Sources */,
				A10000000000000000000101 /* GameSceneTests.swift in Sources */,
				A10000000000000000000099 /* MultiplayerFlowTests.swift in Sources */,
				488CD340D85ACEFFDE3580E9 /* GamePerformanceTests.swift in Sources */,
				8F49275B739499A85A822420 /* RapidFlapHotPathTests.swift in Sources */,
			);
			runOnlyForDeploymentPostprocessing = 0;
		};
		E80000000000000000000001 /* Sources */ = {
			isa = PBXSourcesBuildPhase;
			buildActionMask = 2147483647;
			files = (
				E10000000000000000000001 /* ScreenshotTests.swift in Sources */,
				9DCB40E4FB5926665483291C /* GameUIPerformanceTests.swift in Sources */,
			);
			runOnlyForDeploymentPostprocessing = 0;
		};
/* End PBXSourcesBuildPhase section */

/* Begin PBXTargetDependency section */
		A90000000000000000000001 /* PBXTargetDependency */ = {
			isa = PBXTargetDependency;
			target = CC26CC21560A6F6D89098BBE /* FloppyDuck */;
			targetProxy = A50000000000000000000001 /* PBXContainerItemProxy */;
		};
		E90000000000000000000001 /* PBXTargetDependency */ = {
			isa = PBXTargetDependency;
			target = CC26CC21560A6F6D89098BBE /* FloppyDuck */;
			targetProxy = E50000000000000000000001 /* PBXContainerItemProxy */;
		};
/* End PBXTargetDependency section */

/* Begin XCBuildConfiguration section */
		1C44D1EC10EDD6481FD9FB7C /* Release */ = {
			isa = XCBuildConfiguration;
			buildSettings = {
				ALWAYS_SEARCH_USER_PATHS = NO;
				ASSETCATALOG_COMPILER_APPICON_NAME = AppIcon;
				ASSETCATALOG_COMPILER_GENERATE_SWIFT_ASSET_SYMBOL_EXTENSIONS = YES;
				ASSETCATALOG_COMPILER_GLOBAL_ACCENT_COLOR_NAME = AccentColor;
				CLANG_ANALYZER_NONNULL = YES;
				CLANG_CXX_LANGUAGE_STANDARD = "gnu++20";
				CLANG_ENABLE_MODULES = YES;
				CLANG_ENABLE_OBJC_ARC = YES;
				CODE_SIGN_ENTITLEMENTS = FloppyDuck/FloppyDuck.entitlements;
				CODE_SIGN_STYLE = Automatic;
				COPY_PHASE_STRIP = NO;
				CURRENT_PROJECT_VERSION = 12;
				DEBUG_INFORMATION_FORMAT = "dwarf-with-dsym";
				DEVELOPMENT_ASSET_PATHS = "\"FloppyDuck/Preview Content\"";
				DEVELOPMENT_TEAM = 8K5ZVPCQ42;
				ENABLE_NS_ASSERTIONS = NO;
				ENABLE_PREVIEWS = YES;
				GCC_C_LANGUAGE_STANDARD = gnu17;
				GCC_WARN_ABOUT_RETURN_TYPE = YES_ERROR;
				GCC_WARN_UNINITIALIZED_AUTOS = YES_AGGRESSIVE;
				GENERATE_INFOPLIST_FILE = YES;
				INFOPLIST_FILE = FloppyDuck/Info.plist;
				INFOPLIST_KEY_CFBundleDisplayName = "Floppy Duck";
				INFOPLIST_KEY_UIApplicationSceneManifest_Generation = YES;
				INFOPLIST_KEY_UIApplicationSupportsIndirectInputEvents = YES;
				INFOPLIST_KEY_UILaunchScreen_Generation = NO;
				INFOPLIST_KEY_UILaunchStoryboardName = LaunchScreen;
				INFOPLIST_KEY_UIStatusBarStyle = UIStatusBarStyleLightContent;
				INFOPLIST_KEY_UISupportedInterfaceOrientations = UIInterfaceOrientationPortrait;
				IPHONEOS_DEPLOYMENT_TARGET = 17.0;
				LD_RUNPATH_SEARCH_PATHS = (
					"$(inherited)",
					"@executable_path/Frameworks",
				);
				LOCALIZATION_PREFERS_STRING_CATALOGS = YES;
				MARKETING_VERSION = 1.0;
				MTL_ENABLE_DEBUG_INFO = NO;
				PRODUCT_BUNDLE_IDENTIFIER = com.xmevans10.FloppyDuck;
				PRODUCT_NAME = "$(TARGET_NAME)";
				SDKROOT = iphoneos;
				SUPPORTED_PLATFORMS = "iphoneos iphonesimulator";
				SUPPORTS_MACCATALYST = NO;
				SWIFT_ACTIVE_COMPILATION_CONDITIONS = "";
				SWIFT_EMIT_LOC_STRINGS = YES;
				SWIFT_OPTIMIZATION_LEVEL = "-O";
				SWIFT_VERSION = 5.0;
				TARGETED_DEVICE_FAMILY = 1;
				VALIDATE_PRODUCT = YES;
			};
			name = Release;
		};
		3C9D00154C18310DC9003773 /* Debug */ = {
			isa = XCBuildConfiguration;
			buildSettings = {
				ALWAYS_SEARCH_USER_PATHS = NO;
				ASSETCATALOG_COMPILER_GENERATE_SWIFT_ASSET_SYMBOL_EXTENSIONS = YES;
				CLANG_ANALYZER_NONNULL = YES;
				CLANG_CXX_LANGUAGE_STANDARD = "gnu++20";
				CLANG_ENABLE_MODULES = YES;
				CLANG_ENABLE_OBJC_ARC = YES;
				CLANG_WARN_BLOCK_CAPTURE_AUTORELEASING = YES;
				CLANG_WARN_BOOL_CONVERSION = YES;
				CLANG_WARN_COMMA = YES;
				CLANG_WARN_CONSTANT_CONVERSION = YES;
				CLANG_WARN_DEPRECATED_OBJC_IMPLEMENTATIONS = YES;
				CLANG_WARN_EMPTY_BODY = YES;
				CLANG_WARN_ENUM_CONVERSION = YES;
				CLANG_WARN_INFINITE_RECURSION = YES;
				CLANG_WARN_INT_CONVERSION = YES;
				CLANG_WARN_NON_LITERAL_NULL_CONVERSION = YES;
				CLANG_WARN_OBJC_IMPLICIT_RETAIN_SELF = YES;
				CLANG_WARN_OBJC_LITERAL_CONVERSION = YES;
				CLANG_WARN_QUOTED_INCLUDE_IN_FRAMEWORK_HEADER = YES;
				CLANG_WARN_RANGE_LOOP_ANALYSIS = YES;
				CLANG_WARN_STRICT_PROTOTYPES = YES;
				CLANG_WARN_SUSPICIOUS_MOVE = YES;
				CLANG_WARN_UNREACHABLE_CODE = YES;
				CLANG_WARN__DUPLICATE_METHOD_MATCH = YES;
				COPY_PHASE_STRIP = NO;
				DEBUG_INFORMATION_FORMAT = "dwarf-with-dsym";
				ENABLE_STRICT_OBJC_MSGSEND = YES;
				ENABLE_TESTABILITY = YES;
				ENABLE_USER_SCRIPT_SANDBOXING = YES;
				GCC_C_LANGUAGE_STANDARD = gnu17;
				GCC_NO_COMMON_BLOCKS = YES;
				GCC_OPTIMIZATION_LEVEL = 0;
				GCC_WARN_64_TO_32_BIT_CONVERSION = YES;
				GCC_WARN_ABOUT_RETURN_TYPE = YES_ERROR;
				GCC_WARN_UNDECLARED_SELECTOR = YES;
				GCC_WARN_UNINITIALIZED_AUTOS = YES_AGGRESSIVE;
				GCC_WARN_UNUSED_FUNCTION = YES;
				GCC_WARN_UNUSED_VARIABLE = YES;
				IPHONEOS_DEPLOYMENT_TARGET = 17.0;
				LOCALIZATION_PREFERS_STRING_CATALOGS = YES;
				MTL_ENABLE_DEBUG_INFO = INCLUDE_SOURCE;
				ONLY_ACTIVE_ARCH = YES;
				SDKROOT = iphoneos;
				SWIFT_ACTIVE_COMPILATION_CONDITIONS = DEBUG;
				SWIFT_OPTIMIZATION_LEVEL = "-Onone";
				SWIFT_VERSION = 5.0;
			};
			name = Debug;
		};
		54B0FB6D5EDA887C4233E9A1 /* Debug */ = {
			isa = XCBuildConfiguration;
			buildSettings = {
				ALWAYS_SEARCH_USER_PATHS = NO;
				ASSETCATALOG_COMPILER_APPICON_NAME = AppIcon;
				ASSETCATALOG_COMPILER_GENERATE_SWIFT_ASSET_SYMBOL_EXTENSIONS = YES;
				ASSETCATALOG_COMPILER_GLOBAL_ACCENT_COLOR_NAME = AccentColor;
				CLANG_ANALYZER_NONNULL = YES;
				CLANG_CXX_LANGUAGE_STANDARD = "gnu++20";
				CLANG_ENABLE_MODULES = YES;
				CLANG_ENABLE_OBJC_ARC = YES;
				CODE_SIGN_ENTITLEMENTS = FloppyDuck/FloppyDuck.entitlements;
				CODE_SIGN_STYLE = Automatic;
				COPY_PHASE_STRIP = NO;
				CURRENT_PROJECT_VERSION = 12;
				DEBUG_INFORMATION_FORMAT = "dwarf-with-dsym";
				DEVELOPMENT_ASSET_PATHS = "\"FloppyDuck/Preview Content\"";
				DEVELOPMENT_TEAM = 8K5ZVPCQ42;
				ENABLE_PREVIEWS = YES;
				ENABLE_TESTABILITY = YES;
				GCC_C_LANGUAGE_STANDARD = gnu17;
				GCC_OPTIMIZATION_LEVEL = 0;
				GCC_WARN_ABOUT_RETURN_TYPE = YES_ERROR;
				GCC_WARN_UNINITIALIZED_AUTOS = YES_AGGRESSIVE;
				GENERATE_INFOPLIST_FILE = YES;
				INFOPLIST_FILE = FloppyDuck/Info.plist;
				INFOPLIST_KEY_CFBundleDisplayName = "Floppy Duck";
				INFOPLIST_KEY_UIApplicationSceneManifest_Generation = YES;
				INFOPLIST_KEY_UIApplicationSupportsIndirectInputEvents = YES;
				INFOPLIST_KEY_UILaunchScreen_Generation = NO;
				INFOPLIST_KEY_UILaunchStoryboardName = LaunchScreen;
				INFOPLIST_KEY_UIStatusBarStyle = UIStatusBarStyleLightContent;
				INFOPLIST_KEY_UISupportedInterfaceOrientations = UIInterfaceOrientationPortrait;
				IPHONEOS_DEPLOYMENT_TARGET = 17.0;
				LD_RUNPATH_SEARCH_PATHS = (
					"$(inherited)",
					"@executable_path/Frameworks",
				);
				LOCALIZATION_PREFERS_STRING_CATALOGS = YES;
				MARKETING_VERSION = 1.0;
				MTL_ENABLE_DEBUG_INFO = INCLUDE_SOURCE;
				ONLY_ACTIVE_ARCH = YES;
				PRODUCT_BUNDLE_IDENTIFIER = com.xmevans10.FloppyDuck;
				PRODUCT_NAME = "$(TARGET_NAME)";
				SDKROOT = iphoneos;
				SUPPORTED_PLATFORMS = "iphoneos iphonesimulator";
				SUPPORTS_MACCATALYST = NO;
				SWIFT_ACTIVE_COMPILATION_CONDITIONS = DEBUG;
				SWIFT_EMIT_LOC_STRINGS = YES;
				SWIFT_OPTIMIZATION_LEVEL = "-Onone";
				SWIFT_VERSION = 5.0;
				TARGETED_DEVICE_FAMILY = 1;
			};
			name = Debug;
		};
		AA0000000000000000000001 /* Debug */ = {
			isa = XCBuildConfiguration;
			buildSettings = {
				BUNDLE_LOADER = "$(TEST_HOST)";
				CODE_SIGN_STYLE = Automatic;
				CURRENT_PROJECT_VERSION = 12;
				DEVELOPMENT_TEAM = 8K5ZVPCQ42;
				GENERATE_INFOPLIST_FILE = YES;
				IPHONEOS_DEPLOYMENT_TARGET = 17.0;
				PRODUCT_BUNDLE_IDENTIFIER = com.xmevans10.FloppyDuckTests;
				PRODUCT_NAME = "$(TARGET_NAME)";
				SDKROOT = iphoneos;
				SUPPORTED_PLATFORMS = "iphoneos iphonesimulator";
				SWIFT_ACTIVE_COMPILATION_CONDITIONS = DEBUG;
				SWIFT_VERSION = 5.0;
				TARGETED_DEVICE_FAMILY = 1;
				TEST_HOST = "$(BUILT_PRODUCTS_DIR)/FloppyDuck.app/FloppyDuck";
			};
			name = Debug;
		};
		AA0000000000000000000002 /* Release */ = {
			isa = XCBuildConfiguration;
			buildSettings = {
				BUNDLE_LOADER = "$(TEST_HOST)";
				CODE_SIGN_STYLE = Automatic;
				CURRENT_PROJECT_VERSION = 12;
				DEVELOPMENT_TEAM = 8K5ZVPCQ42;
				GENERATE_INFOPLIST_FILE = YES;
				IPHONEOS_DEPLOYMENT_TARGET = 17.0;
				PRODUCT_BUNDLE_IDENTIFIER = com.xmevans10.FloppyDuckTests;
				PRODUCT_NAME = "$(TARGET_NAME)";
				SDKROOT = iphoneos;
				SUPPORTED_PLATFORMS = "iphoneos iphonesimulator";
				SWIFT_VERSION = 5.0;
				TARGETED_DEVICE_FAMILY = 1;
				TEST_HOST = "$(BUILT_PRODUCTS_DIR)/FloppyDuck.app/FloppyDuck";
			};
			name = Release;
		};
		DE8FB4A1176C729DE31658E6 /* Release */ = {
			isa = XCBuildConfiguration;
			buildSettings = {
				ALWAYS_SEARCH_USER_PATHS = NO;
				ASSETCATALOG_COMPILER_GENERATE_SWIFT_ASSET_SYMBOL_EXTENSIONS = YES;
				CLANG_ANALYZER_NONNULL = YES;
				CLANG_CXX_LANGUAGE_STANDARD = "gnu++20";
				CLANG_ENABLE_MODULES = YES;
				CLANG_ENABLE_OBJC_ARC = YES;
				CLANG_WARN_BLOCK_CAPTURE_AUTORELEASING = YES;
				CLANG_WARN_BOOL_CONVERSION = YES;
				CLANG_WARN_COMMA = YES;
				CLANG_WARN_CONSTANT_CONVERSION = YES;
				CLANG_WARN_DEPRECATED_OBJC_IMPLEMENTATIONS = YES;
				CLANG_WARN_EMPTY_BODY = YES;
				CLANG_WARN_ENUM_CONVERSION = YES;
				CLANG_WARN_INFINITE_RECURSION = YES;
				CLANG_WARN_INT_CONVERSION = YES;
				CLANG_WARN_NON_LITERAL_NULL_CONVERSION = YES;
				CLANG_WARN_OBJC_IMPLICIT_RETAIN_SELF = YES;
				CLANG_WARN_OBJC_LITERAL_CONVERSION = YES;
				CLANG_WARN_QUOTED_INCLUDE_IN_FRAMEWORK_HEADER = YES;
				CLANG_WARN_RANGE_LOOP_ANALYSIS = YES;
				CLANG_WARN_STRICT_PROTOTYPES = YES;
				CLANG_WARN_SUSPICIOUS_MOVE = YES;
				CLANG_WARN_UNREACHABLE_CODE = YES;
				CLANG_WARN__DUPLICATE_METHOD_MATCH = YES;
				COPY_PHASE_STRIP = NO;
				DEBUG_INFORMATION_FORMAT = "dwarf-with-dsym";
				ENABLE_NS_ASSERTIONS = NO;
				ENABLE_STRICT_OBJC_MSGSEND = YES;
				ENABLE_USER_SCRIPT_SANDBOXING = YES;
				GCC_C_LANGUAGE_STANDARD = gnu17;
				GCC_NO_COMMON_BLOCKS = YES;
				GCC_WARN_64_TO_32_BIT_CONVERSION = YES;
				GCC_WARN_ABOUT_RETURN_TYPE = YES_ERROR;
				GCC_WARN_UNDECLARED_SELECTOR = YES;
				GCC_WARN_UNINITIALIZED_AUTOS = YES_AGGRESSIVE;
				GCC_WARN_UNUSED_FUNCTION = YES;
				GCC_WARN_UNUSED_VARIABLE = YES;
				IPHONEOS_DEPLOYMENT_TARGET = 17.0;
				LOCALIZATION_PREFERS_STRING_CATALOGS = YES;
				MTL_ENABLE_DEBUG_INFO = NO;
				SDKROOT = iphoneos;
				SWIFT_ACTIVE_COMPILATION_CONDITIONS = "";
				SWIFT_COMPILATION_MODE = wholemodule;
				SWIFT_OPTIMIZATION_LEVEL = "-O";
				SWIFT_VERSION = 5.0;
				VALIDATE_PRODUCT = YES;
			};
			name = Release;
		};
		EA0000000000000000000001 /* Debug */ = {
			isa = XCBuildConfiguration;
			buildSettings = {
				CODE_SIGN_STYLE = Automatic;
				CURRENT_PROJECT_VERSION = 12;
				DEVELOPMENT_TEAM = 8K5ZVPCQ42;
				GENERATE_INFOPLIST_FILE = YES;
				IPHONEOS_DEPLOYMENT_TARGET = 17.0;
				PRODUCT_BUNDLE_IDENTIFIER = com.xmevans10.FloppyDuckUITests;
				PRODUCT_NAME = "$(TARGET_NAME)";
				SDKROOT = iphoneos;
				SUPPORTED_PLATFORMS = "iphoneos iphonesimulator";
				SWIFT_ACTIVE_COMPILATION_CONDITIONS = DEBUG;
				SWIFT_VERSION = 5.0;
				TARGETED_DEVICE_FAMILY = 1;
				TEST_TARGET_NAME = FloppyDuck;
			};
			name = Debug;
		};
		EA0000000000000000000002 /* Release */ = {
			isa = XCBuildConfiguration;
			buildSettings = {
				CODE_SIGN_STYLE = Automatic;
				CURRENT_PROJECT_VERSION = 12;
				DEVELOPMENT_TEAM = 8K5ZVPCQ42;
				GENERATE_INFOPLIST_FILE = YES;
				IPHONEOS_DEPLOYMENT_TARGET = 17.0;
				PRODUCT_BUNDLE_IDENTIFIER = com.xmevans10.FloppyDuckUITests;
				PRODUCT_NAME = "$(TARGET_NAME)";
				SDKROOT = iphoneos;
				SUPPORTED_PLATFORMS = "iphoneos iphonesimulator";
				SWIFT_VERSION = 5.0;
				TARGETED_DEVICE_FAMILY = 1;
				TEST_TARGET_NAME = FloppyDuck;
			};
			name = Release;
		};
/* End XCBuildConfiguration section */

/* Begin XCConfigurationList section */
		3B3EFF91059D12F78D2F21D0 /* Build configuration list for PBXProject "FloppyDuck" */ = {
			isa = XCConfigurationList;
			buildConfigurations = (
				3C9D00154C18310DC9003773 /* Debug */,
				DE8FB4A1176C729DE31658E6 /* Release */,
			);
			defaultConfigurationIsVisible = 0;
			defaultConfigurationName = Release;
		};
		AB0000000000000000000001 /* Build configuration list for PBXNativeTarget "FloppyDuckTests" */ = {
			isa = XCConfigurationList;
			buildConfigurations = (
				AA0000000000000000000001 /* Debug */,
				AA0000000000000000000002 /* Release */,
			);
			defaultConfigurationIsVisible = 0;
			defaultConfigurationName = Release;
		};
		C15F3F33BAC94685D2A372D1 /* Build configuration list for PBXNativeTarget "FloppyDuck" */ = {
			isa = XCConfigurationList;
			buildConfigurations = (
				54B0FB6D5EDA887C4233E9A1 /* Debug */,
				1C44D1EC10EDD6481FD9FB7C /* Release */,
			);
			defaultConfigurationIsVisible = 0;
			defaultConfigurationName = Release;
		};
		EB0000000000000000000001 /* Build configuration list for PBXNativeTarget "FloppyDuckUITests" */ = {
			isa = XCConfigurationList;
			buildConfigurations = (
				EA0000000000000000000001 /* Debug */,
				EA0000000000000000000002 /* Release */,
			);
			defaultConfigurationIsVisible = 0;
			defaultConfigurationName = Release;
		};
/* End XCConfigurationList section */

/* Begin XCRemoteSwiftPackageReference section */
		PH0000000000000000000001 /* XCRemoteSwiftPackageReference "posthog-ios" */ = {
			isa = XCRemoteSwiftPackageReference;
			repositoryURL = "https://github.com/PostHog/posthog-ios.git";
			requirement = {
				kind = upToNextMajorVersion;
				minimumVersion = 3.0.0;
			};
		};
		SE0000000000000000000001 /* XCRemoteSwiftPackageReference "sentry-cocoa" */ = {
			isa = XCRemoteSwiftPackageReference;
			repositoryURL = "https://github.com/getsentry/sentry-cocoa.git";
			requirement = {
				kind = upToNextMajorVersion;
				minimumVersion = 8.0.0;
			};
		};
/* End XCRemoteSwiftPackageReference section */

/* Begin XCSwiftPackageProductDependency section */
		PH0000000000000000000002 /* PostHog */ = {
			isa = XCSwiftPackageProductDependency;
			package = PH0000000000000000000001 /* XCRemoteSwiftPackageReference "posthog-ios" */;
			productName = PostHog;
		};
		SE0000000000000000000002 /* Sentry */ = {
			isa = XCSwiftPackageProductDependency;
			package = SE0000000000000000000001 /* XCRemoteSwiftPackageReference "sentry-cocoa" */;
			productName = Sentry;
		};
/* End XCSwiftPackageProductDependency section */
	};
	rootObject = E74DADFE3AC5262D28E19680 /* Project object */;
}
